// !$*UTF8*$!
{
	archiveVersion = 1;
	classes = {
	};
	objectVersion = 46;
	objects = {

/* Begin PBXBuildFile section */
		3F493BFE19DF961E00D0F1E8 /* AppDelegate.swift in Sources */ = {isa = PBXBuildFile; fileRef = 3F493BFD19DF961E00D0F1E8 /* AppDelegate.swift */; };
		3F493C0019DF961E00D0F1E8 /* MasterViewController.swift in Sources */ = {isa = PBXBuildFile; fileRef = 3F493BFF19DF961E00D0F1E8 /* MasterViewController.swift */; };
		3F493C0219DF961E00D0F1E8 /* DetailViewController.swift in Sources */ = {isa = PBXBuildFile; fileRef = 3F493C0119DF961E00D0F1E8 /* DetailViewController.swift */; };
		3F493C0519DF961E00D0F1E8 /* Main.storyboard in Resources */ = {isa = PBXBuildFile; fileRef = 3F493C0319DF961E00D0F1E8 /* Main.storyboard */; };
		3F493C0719DF961E00D0F1E8 /* Images.xcassets in Resources */ = {isa = PBXBuildFile; fileRef = 3F493C0619DF961E00D0F1E8 /* Images.xcassets */; };
		3F493C0A19DF961E00D0F1E8 /* LaunchScreen.xib in Resources */ = {isa = PBXBuildFile; fileRef = 3F493C0819DF961E00D0F1E8 /* LaunchScreen.xib */; };
		3F493C1619DF961F00D0F1E8 /* WordlessTests.swift in Sources */ = {isa = PBXBuildFile; fileRef = 3F493C1519DF961F00D0F1E8 /* WordlessTests.swift */; };
		3F493C2919DF9E5100D0F1E8 /* Person.swift in Sources */ = {isa = PBXBuildFile; fileRef = 3F493C2819DF9E5100D0F1E8 /* Person.swift */; };
		8D34348D19DF9F16004CFA3B /* Bolts.framework in Frameworks */ = {isa = PBXBuildFile; fileRef = 8D34348A19DF9F16004CFA3B /* Bolts.framework */; };
		8D34348E19DF9F16004CFA3B /* Parse.framework in Frameworks */ = {isa = PBXBuildFile; fileRef = 8D34348B19DF9F16004CFA3B /* Parse.framework */; };
		8D34348F19DF9F16004CFA3B /* ParseFacebookUtils.framework in Frameworks */ = {isa = PBXBuildFile; fileRef = 8D34348C19DF9F16004CFA3B /* ParseFacebookUtils.framework */; };
		8D34349319DF9F46004CFA3B /* CoreLocation.framework in Frameworks */ = {isa = PBXBuildFile; fileRef = 8D34349219DF9F46004CFA3B /* CoreLocation.framework */; };
		8D34349519DF9F4B004CFA3B /* StoreKit.framework in Frameworks */ = {isa = PBXBuildFile; fileRef = 8D34349419DF9F4B004CFA3B /* StoreKit.framework */; };
		8D34349719DF9F55004CFA3B /* CoreGraphics.framework in Frameworks */ = {isa = PBXBuildFile; fileRef = 8D34349619DF9F55004CFA3B /* CoreGraphics.framework */; };
		8D34349919DF9F60004CFA3B /* QuartzCore.framework in Frameworks */ = {isa = PBXBuildFile; fileRef = 8D34349819DF9F60004CFA3B /* QuartzCore.framework */; };
		8D34349B19DF9F75004CFA3B /* AudioToolbox.framework in Frameworks */ = {isa = PBXBuildFile; fileRef = 8D34349A19DF9F75004CFA3B /* AudioToolbox.framework */; };
		8D34349D19DF9F7A004CFA3B /* CFNetwork.framework in Frameworks */ = {isa = PBXBuildFile; fileRef = 8D34349C19DF9F7A004CFA3B /* CFNetwork.framework */; };
		8D34349F19DF9F8B004CFA3B /* libz.dylib in Frameworks */ = {isa = PBXBuildFile; fileRef = 8D34349E19DF9F8B004CFA3B /* libz.dylib */; };
		8D3434A119DF9FA0004CFA3B /* MobileCoreServices.framework in Frameworks */ = {isa = PBXBuildFile; fileRef = 8D3434A019DF9FA0004CFA3B /* MobileCoreServices.framework */; };
		8D3434A319DF9FAA004CFA3B /* Security.framework in Frameworks */ = {isa = PBXBuildFile; fileRef = 8D3434A219DF9FAA004CFA3B /* Security.framework */; };
		8D3434A519DF9FB4004CFA3B /* SystemConfiguration.framework in Frameworks */ = {isa = PBXBuildFile; fileRef = 8D3434A419DF9FB4004CFA3B /* SystemConfiguration.framework */; };
		8D3434A819DFA079004CFA3B /* ParseImport.m in Sources */ = {isa = PBXBuildFile; fileRef = 8D3434A719DFA079004CFA3B /* ParseImport.m */; };
		8D3434AA19E0893C004CFA3B /* RSTMessage.swift in Sources */ = {isa = PBXBuildFile; fileRef = 8D3434A919E0893C004CFA3B /* RSTMessage.swift */; };
		8D34365E19E09202004CFA3B /* FacebookSDK.framework in Frameworks */ = {isa = PBXBuildFile; fileRef = 8D34365D19E09202004CFA3B /* FacebookSDK.framework */; };
		8D34366019E09A72004CFA3B /* RSTFriendViewController.swift in Sources */ = {isa = PBXBuildFile; fileRef = 8D34365F19E09A72004CFA3B /* RSTFriendViewController.swift */; };
		8D34366219E0AD0B004CFA3B /* RSTUser.swift in Sources */ = {isa = PBXBuildFile; fileRef = 8D34366119E0AD0B004CFA3B /* RSTUser.swift */; };
/* End PBXBuildFile section */

/* Begin PBXContainerItemProxy section */
		3F493C1019DF961F00D0F1E8 /* PBXContainerItemProxy */ = {
			isa = PBXContainerItemProxy;
			containerPortal = 3F493BF019DF961E00D0F1E8 /* Project object */;
			proxyType = 1;
			remoteGlobalIDString = 3F493BF719DF961E00D0F1E8;
			remoteInfo = Wordless;
		};
/* End PBXContainerItemProxy section */

/* Begin PBXFileReference section */
		3F493BF819DF961E00D0F1E8 /* Wordless.app */ = {isa = PBXFileReference; explicitFileType = wrapper.application; includeInIndex = 0; path = Wordless.app; sourceTree = BUILT_PRODUCTS_DIR; };
		3F493BFC19DF961E00D0F1E8 /* Info.plist */ = {isa = PBXFileReference; lastKnownFileType = text.plist.xml; path = Info.plist; sourceTree = "<group>"; };
		3F493BFD19DF961E00D0F1E8 /* AppDelegate.swift */ = {isa = PBXFileReference; lastKnownFileType = sourcecode.swift; path = AppDelegate.swift; sourceTree = "<group>"; };
		3F493BFF19DF961E00D0F1E8 /* MasterViewController.swift */ = {isa = PBXFileReference; lastKnownFileType = sourcecode.swift; path = MasterViewController.swift; sourceTree = "<group>"; };
		3F493C0119DF961E00D0F1E8 /* DetailViewController.swift */ = {isa = PBXFileReference; lastKnownFileType = sourcecode.swift; path = DetailViewController.swift; sourceTree = "<group>"; };
		3F493C0419DF961E00D0F1E8 /* Base */ = {isa = PBXFileReference; lastKnownFileType = file.storyboard; name = Base; path = Base.lproj/Main.storyboard; sourceTree = "<group>"; };
		3F493C0619DF961E00D0F1E8 /* Images.xcassets */ = {isa = PBXFileReference; lastKnownFileType = folder.assetcatalog; path = Images.xcassets; sourceTree = "<group>"; };
		3F493C0919DF961E00D0F1E8 /* Base */ = {isa = PBXFileReference; lastKnownFileType = file.xib; name = Base; path = Base.lproj/LaunchScreen.xib; sourceTree = "<group>"; };
		3F493C0F19DF961F00D0F1E8 /* WordlessTests.xctest */ = {isa = PBXFileReference; explicitFileType = wrapper.cfbundle; includeInIndex = 0; path = WordlessTests.xctest; sourceTree = BUILT_PRODUCTS_DIR; };
		3F493C1419DF961F00D0F1E8 /* Info.plist */ = {isa = PBXFileReference; lastKnownFileType = text.plist.xml; path = Info.plist; sourceTree = "<group>"; };
		3F493C1519DF961F00D0F1E8 /* WordlessTests.swift */ = {isa = PBXFileReference; lastKnownFileType = sourcecode.swift; path = WordlessTests.swift; sourceTree = "<group>"; };
		3F493C2819DF9E5100D0F1E8 /* Person.swift */ = {isa = PBXFileReference; fileEncoding = 4; lastKnownFileType = sourcecode.swift; path = Person.swift; sourceTree = "<group>"; };
		8D34348A19DF9F16004CFA3B /* Bolts.framework */ = {isa = PBXFileReference; lastKnownFileType = wrapper.framework; path = Bolts.framework; sourceTree = "<group>"; };
		8D34348B19DF9F16004CFA3B /* Parse.framework */ = {isa = PBXFileReference; lastKnownFileType = wrapper.framework; path = Parse.framework; sourceTree = "<group>"; };
		8D34348C19DF9F16004CFA3B /* ParseFacebookUtils.framework */ = {isa = PBXFileReference; lastKnownFileType = wrapper.framework; path = ParseFacebookUtils.framework; sourceTree = "<group>"; };
		8D34349219DF9F46004CFA3B /* CoreLocation.framework */ = {isa = PBXFileReference; lastKnownFileType = wrapper.framework; name = CoreLocation.framework; path = System/Library/Frameworks/CoreLocation.framework; sourceTree = SDKROOT; };
		8D34349419DF9F4B004CFA3B /* StoreKit.framework */ = {isa = PBXFileReference; lastKnownFileType = wrapper.framework; name = StoreKit.framework; path = System/Library/Frameworks/StoreKit.framework; sourceTree = SDKROOT; };
		8D34349619DF9F55004CFA3B /* CoreGraphics.framework */ = {isa = PBXFileReference; lastKnownFileType = wrapper.framework; name = CoreGraphics.framework; path = System/Library/Frameworks/CoreGraphics.framework; sourceTree = SDKROOT; };
		8D34349819DF9F60004CFA3B /* QuartzCore.framework */ = {isa = PBXFileReference; lastKnownFileType = wrapper.framework; name = QuartzCore.framework; path = System/Library/Frameworks/QuartzCore.framework; sourceTree = SDKROOT; };
		8D34349A19DF9F75004CFA3B /* AudioToolbox.framework */ = {isa = PBXFileReference; lastKnownFileType = wrapper.framework; name = AudioToolbox.framework; path = System/Library/Frameworks/AudioToolbox.framework; sourceTree = SDKROOT; };
		8D34349C19DF9F7A004CFA3B /* CFNetwork.framework */ = {isa = PBXFileReference; lastKnownFileType = wrapper.framework; name = CFNetwork.framework; path = System/Library/Frameworks/CFNetwork.framework; sourceTree = SDKROOT; };
		8D34349E19DF9F8B004CFA3B /* libz.dylib */ = {isa = PBXFileReference; lastKnownFileType = "compiled.mach-o.dylib"; name = libz.dylib; path = usr/lib/libz.dylib; sourceTree = SDKROOT; };
		8D3434A019DF9FA0004CFA3B /* MobileCoreServices.framework */ = {isa = PBXFileReference; lastKnownFileType = wrapper.framework; name = MobileCoreServices.framework; path = System/Library/Frameworks/MobileCoreServices.framework; sourceTree = SDKROOT; };
		8D3434A219DF9FAA004CFA3B /* Security.framework */ = {isa = PBXFileReference; lastKnownFileType = wrapper.framework; name = Security.framework; path = System/Library/Frameworks/Security.framework; sourceTree = SDKROOT; };
		8D3434A419DF9FB4004CFA3B /* SystemConfiguration.framework */ = {isa = PBXFileReference; lastKnownFileType = wrapper.framework; name = SystemConfiguration.framework; path = System/Library/Frameworks/SystemConfiguration.framework; sourceTree = SDKROOT; };
		8D3434A619DFA079004CFA3B /* Wordless-Bridging-Header.h */ = {isa = PBXFileReference; lastKnownFileType = sourcecode.c.h; path = "Wordless-Bridging-Header.h"; sourceTree = "<group>"; };
		8D3434A719DFA079004CFA3B /* ParseImport.m */ = {isa = PBXFileReference; fileEncoding = 4; lastKnownFileType = sourcecode.c.objc; path = ParseImport.m; sourceTree = "<group>"; };
		8D3434A919E0893C004CFA3B /* RSTMessage.swift */ = {isa = PBXFileReference; fileEncoding = 4; lastKnownFileType = sourcecode.swift; path = RSTMessage.swift; sourceTree = "<group>"; };
		8D34365D19E09202004CFA3B /* FacebookSDK.framework */ = {isa = PBXFileReference; lastKnownFileType = wrapper.framework; path = FacebookSDK.framework; sourceTree = "<group>"; };
		8D34365F19E09A72004CFA3B /* RSTFriendViewController.swift */ = {isa = PBXFileReference; fileEncoding = 4; lastKnownFileType = sourcecode.swift; name = RSTFriendViewController.swift; path = ../RSTFriendViewController.swift; sourceTree = "<group>"; };
		8D34366119E0AD0B004CFA3B /* RSTUser.swift */ = {isa = PBXFileReference; fileEncoding = 4; lastKnownFileType = sourcecode.swift; path = RSTUser.swift; sourceTree = "<group>"; };
/* End PBXFileReference section */

/* Begin PBXFrameworksBuildPhase section */
		3F493BF519DF961E00D0F1E8 /* Frameworks */ = {
			isa = PBXFrameworksBuildPhase;
			buildActionMask = 2147483647;
			files = (
				8D3434A519DF9FB4004CFA3B /* SystemConfiguration.framework in Frameworks */,
				8D3434A319DF9FAA004CFA3B /* Security.framework in Frameworks */,
				8D3434A119DF9FA0004CFA3B /* MobileCoreServices.framework in Frameworks */,
				8D34349F19DF9F8B004CFA3B /* libz.dylib in Frameworks */,
				8D34349719DF9F55004CFA3B /* CoreGraphics.framework in Frameworks */,
				8D34349D19DF9F7A004CFA3B /* CFNetwork.framework in Frameworks */,
				8D34349B19DF9F75004CFA3B /* AudioToolbox.framework in Frameworks */,
				8D34365E19E09202004CFA3B /* FacebookSDK.framework in Frameworks */,
				8D34349919DF9F60004CFA3B /* QuartzCore.framework in Frameworks */,
				8D34349519DF9F4B004CFA3B /* StoreKit.framework in Frameworks */,
				8D34349319DF9F46004CFA3B /* CoreLocation.framework in Frameworks */,
				8D34348E19DF9F16004CFA3B /* Parse.framework in Frameworks */,
				8D34348D19DF9F16004CFA3B /* Bolts.framework in Frameworks */,
				8D34348F19DF9F16004CFA3B /* ParseFacebookUtils.framework in Frameworks */,
			);
			runOnlyForDeploymentPostprocessing = 0;
		};
		3F493C0C19DF961F00D0F1E8 /* Frameworks */ = {
			isa = PBXFrameworksBuildPhase;
			buildActionMask = 2147483647;
			files = (
			);
			runOnlyForDeploymentPostprocessing = 0;
		};
/* End PBXFrameworksBuildPhase section */

/* Begin PBXGroup section */
		3F493BEF19DF961E00D0F1E8 = {
			isa = PBXGroup;
			children = (
				8D34348C19DF9F16004CFA3B /* ParseFacebookUtils.framework */,
				8D34365D19E09202004CFA3B /* FacebookSDK.framework */,
				8D3434A419DF9FB4004CFA3B /* SystemConfiguration.framework */,
				8D3434A219DF9FAA004CFA3B /* Security.framework */,
				8D3434A019DF9FA0004CFA3B /* MobileCoreServices.framework */,
				8D34349E19DF9F8B004CFA3B /* libz.dylib */,
				8D34349C19DF9F7A004CFA3B /* CFNetwork.framework */,
				8D34349A19DF9F75004CFA3B /* AudioToolbox.framework */,
				8D34349819DF9F60004CFA3B /* QuartzCore.framework */,
				8D34349619DF9F55004CFA3B /* CoreGraphics.framework */,
				8D34349419DF9F4B004CFA3B /* StoreKit.framework */,
				8D34349219DF9F46004CFA3B /* CoreLocation.framework */,
				8D34348A19DF9F16004CFA3B /* Bolts.framework */,
				8D34348B19DF9F16004CFA3B /* Parse.framework */,
				3F493BFA19DF961E00D0F1E8 /* Wordless */,
				3F493C1219DF961F00D0F1E8 /* WordlessTests */,
				3F493BF919DF961E00D0F1E8 /* Products */,
			);
			sourceTree = "<group>";
		};
		3F493BF919DF961E00D0F1E8 /* Products */ = {
			isa = PBXGroup;
			children = (
				3F493BF819DF961E00D0F1E8 /* Wordless.app */,
				3F493C0F19DF961F00D0F1E8 /* WordlessTests.xctest */,
			);
			name = Products;
			sourceTree = "<group>";
		};
		3F493BFA19DF961E00D0F1E8 /* Wordless */ = {
			isa = PBXGroup;
			children = (
				3F493BFD19DF961E00D0F1E8 /* AppDelegate.swift */,
				8D3434A919E0893C004CFA3B /* RSTMessage.swift */,
				8D34366119E0AD0B004CFA3B /* RSTUser.swift */,
				8D34365F19E09A72004CFA3B /* RSTFriendViewController.swift */,
				3F493BFF19DF961E00D0F1E8 /* MasterViewController.swift */,
				8D3434A719DFA079004CFA3B /* ParseImport.m */,
				3F493C0119DF961E00D0F1E8 /* DetailViewController.swift */,
				3F493C0319DF961E00D0F1E8 /* Main.storyboard */,
				3F493C0619DF961E00D0F1E8 /* Images.xcassets */,
				3F493C0819DF961E00D0F1E8 /* LaunchScreen.xib */,
				3F493BFB19DF961E00D0F1E8 /* Supporting Files */,
				3F493C2819DF9E5100D0F1E8 /* Person.swift */,
				8D3434A619DFA079004CFA3B /* Wordless-Bridging-Header.h */,
			);
			path = Wordless;
			sourceTree = "<group>";
		};
		3F493BFB19DF961E00D0F1E8 /* Supporting Files */ = {
			isa = PBXGroup;
			children = (
				3F493BFC19DF961E00D0F1E8 /* Info.plist */,
			);
			name = "Supporting Files";
			sourceTree = "<group>";
		};
		3F493C1219DF961F00D0F1E8 /* WordlessTests */ = {
			isa = PBXGroup;
			children = (
				3F493C1519DF961F00D0F1E8 /* WordlessTests.swift */,
				3F493C1319DF961F00D0F1E8 /* Supporting Files */,
			);
			path = WordlessTests;
			sourceTree = "<group>";
		};
		3F493C1319DF961F00D0F1E8 /* Supporting Files */ = {
			isa = PBXGroup;
			children = (
				3F493C1419DF961F00D0F1E8 /* Info.plist */,
			);
			name = "Supporting Files";
			sourceTree = "<group>";
		};
/* End PBXGroup section */

/* Begin PBXNativeTarget section */
		3F493BF719DF961E00D0F1E8 /* Wordless */ = {
			isa = PBXNativeTarget;
			buildConfigurationList = 3F493C1919DF961F00D0F1E8 /* Build configuration list for PBXNativeTarget "Wordless" */;
			buildPhases = (
				3F493BF419DF961E00D0F1E8 /* Sources */,
				3F493BF519DF961E00D0F1E8 /* Frameworks */,
				3F493BF619DF961E00D0F1E8 /* Resources */,
			);
			buildRules = (
			);
			dependencies = (
			);
			name = Wordless;
			productName = Wordless;
			productReference = 3F493BF819DF961E00D0F1E8 /* Wordless.app */;
			productType = "com.apple.product-type.application";
		};
		3F493C0E19DF961F00D0F1E8 /* WordlessTests */ = {
			isa = PBXNativeTarget;
			buildConfigurationList = 3F493C1C19DF961F00D0F1E8 /* Build configuration list for PBXNativeTarget "WordlessTests" */;
			buildPhases = (
				3F493C0B19DF961F00D0F1E8 /* Sources */,
				3F493C0C19DF961F00D0F1E8 /* Frameworks */,
				3F493C0D19DF961F00D0F1E8 /* Resources */,
			);
			buildRules = (
			);
			dependencies = (
				3F493C1119DF961F00D0F1E8 /* PBXTargetDependency */,
			);
			name = WordlessTests;
			productName = WordlessTests;
			productReference = 3F493C0F19DF961F00D0F1E8 /* WordlessTests.xctest */;
			productType = "com.apple.product-type.bundle.unit-test";
		};
/* End PBXNativeTarget section */

/* Begin PBXProject section */
		3F493BF019DF961E00D0F1E8 /* Project object */ = {
			isa = PBXProject;
			attributes = {
				LastUpgradeCheck = 0600;
				ORGANIZATIONNAME = RST;
				TargetAttributes = {
					3F493BF719DF961E00D0F1E8 = {
						CreatedOnToolsVersion = 6.0.1;
					};
					3F493C0E19DF961F00D0F1E8 = {
						CreatedOnToolsVersion = 6.0.1;
						TestTargetID = 3F493BF719DF961E00D0F1E8;
					};
				};
			};
			buildConfigurationList = 3F493BF319DF961E00D0F1E8 /* Build configuration list for PBXProject "Wordless" */;
			compatibilityVersion = "Xcode 3.2";
			developmentRegion = English;
			hasScannedForEncodings = 0;
			knownRegions = (
				en,
				Base,
				he,
			);
			mainGroup = 3F493BEF19DF961E00D0F1E8;
			productRefGroup = 3F493BF919DF961E00D0F1E8 /* Products */;
			projectDirPath = "";
			projectRoot = "";
			targets = (
				3F493BF719DF961E00D0F1E8 /* Wordless */,
				3F493C0E19DF961F00D0F1E8 /* WordlessTests */,
			);
		};
/* End PBXProject section */

/* Begin PBXResourcesBuildPhase section */
		3F493BF619DF961E00D0F1E8 /* Resources */ = {
			isa = PBXResourcesBuildPhase;
			buildActionMask = 2147483647;
			files = (
				3F493C0519DF961E00D0F1E8 /* Main.storyboard in Resources */,
				3F493C0A19DF961E00D0F1E8 /* LaunchScreen.xib in Resources */,
				3F493C0719DF961E00D0F1E8 /* Images.xcassets in Resources */,
			);
			runOnlyForDeploymentPostprocessing = 0;
		};
		3F493C0D19DF961F00D0F1E8 /* Resources */ = {
			isa = PBXResourcesBuildPhase;
			buildActionMask = 2147483647;
			files = (
			);
			runOnlyForDeploymentPostprocessing = 0;
		};
/* End PBXResourcesBuildPhase section */

/* Begin PBXSourcesBuildPhase section */
		3F493BF419DF961E00D0F1E8 /* Sources */ = {
			isa = PBXSourcesBuildPhase;
			buildActionMask = 2147483647;
			files = (
				8D34366219E0AD0B004CFA3B /* RSTUser.swift in Sources */,
				3F493C0219DF961E00D0F1E8 /* DetailViewController.swift in Sources */,
				8D34366019E09A72004CFA3B /* RSTFriendViewController.swift in Sources */,
				3F493C2919DF9E5100D0F1E8 /* Person.swift in Sources */,
				3F493C0019DF961E00D0F1E8 /* MasterViewController.swift in Sources */,
				8D3434AA19E0893C004CFA3B /* RSTMessage.swift in Sources */,
				8D3434A819DFA079004CFA3B /* ParseImport.m in Sources */,
				3F493BFE19DF961E00D0F1E8 /* AppDelegate.swift in Sources */,
			);
			runOnlyForDeploymentPostprocessing = 0;
		};
		3F493C0B19DF961F00D0F1E8 /* Sources */ = {
			isa = PBXSourcesBuildPhase;
			buildActionMask = 2147483647;
			files = (
				3F493C1619DF961F00D0F1E8 /* WordlessTests.swift in Sources */,
			);
			runOnlyForDeploymentPostprocessing = 0;
		};
/* End PBXSourcesBuildPhase section */

/* Begin PBXTargetDependency section */
		3F493C1119DF961F00D0F1E8 /* PBXTargetDependency */ = {
			isa = PBXTargetDependency;
			target = 3F493BF719DF961E00D0F1E8 /* Wordless */;
			targetProxy = 3F493C1019DF961F00D0F1E8 /* PBXContainerItemProxy */;
		};
/* End PBXTargetDependency section */

/* Begin PBXVariantGroup section */
		3F493C0319DF961E00D0F1E8 /* Main.storyboard */ = {
			isa = PBXVariantGroup;
			children = (
				3F493C0419DF961E00D0F1E8 /* Base */,
			);
			name = Main.storyboard;
			sourceTree = "<group>";
		};
		3F493C0819DF961E00D0F1E8 /* LaunchScreen.xib */ = {
			isa = PBXVariantGroup;
			children = (
				3F493C0919DF961E00D0F1E8 /* Base */,
			);
			name = LaunchScreen.xib;
			sourceTree = "<group>";
		};
/* End PBXVariantGroup section */

/* Begin XCBuildConfiguration section */
		3F493C1719DF961F00D0F1E8 /* Debug */ = {
			isa = XCBuildConfiguration;
			buildSettings = {
				ALWAYS_SEARCH_USER_PATHS = NO;
				CLANG_CXX_LANGUAGE_STANDARD = "gnu++0x";
				CLANG_CXX_LIBRARY = "libc++";
				CLANG_ENABLE_MODULES = YES;
				CLANG_ENABLE_OBJC_ARC = YES;
				CLANG_WARN_BOOL_CONVERSION = YES;
				CLANG_WARN_CONSTANT_CONVERSION = YES;
				CLANG_WARN_DIRECT_OBJC_ISA_USAGE = YES_ERROR;
				CLANG_WARN_EMPTY_BODY = YES;
				CLANG_WARN_ENUM_CONVERSION = YES;
				CLANG_WARN_INT_CONVERSION = YES;
				CLANG_WARN_OBJC_ROOT_CLASS = YES_ERROR;
				CLANG_WARN_UNREACHABLE_CODE = YES;
				CLANG_WARN__DUPLICATE_METHOD_MATCH = YES;
				"CODE_SIGN_IDENTITY[sdk=iphoneos*]" = "iPhone Developer";
				COPY_PHASE_STRIP = NO;
				ENABLE_STRICT_OBJC_MSGSEND = YES;
				GCC_C_LANGUAGE_STANDARD = gnu99;
				GCC_DYNAMIC_NO_PIC = NO;
				GCC_OPTIMIZATION_LEVEL = 0;
				GCC_PREPROCESSOR_DEFINITIONS = (
					"DEBUG=1",
					"$(inherited)",
				);
				GCC_SYMBOLS_PRIVATE_EXTERN = NO;
				GCC_WARN_64_TO_32_BIT_CONVERSION = YES;
				GCC_WARN_ABOUT_RETURN_TYPE = YES_ERROR;
				GCC_WARN_UNDECLARED_SELECTOR = YES;
				GCC_WARN_UNINITIALIZED_AUTOS = YES_AGGRESSIVE;
				GCC_WARN_UNUSED_FUNCTION = YES;
				GCC_WARN_UNUSED_VARIABLE = YES;
				IPHONEOS_DEPLOYMENT_TARGET = 8.0;
				MTL_ENABLE_DEBUG_INFO = YES;
				ONLY_ACTIVE_ARCH = YES;
				SDKROOT = iphoneos;
				SWIFT_OPTIMIZATION_LEVEL = "-Onone";
			};
			name = Debug;
		};
		3F493C1819DF961F00D0F1E8 /* Release */ = {
			isa = XCBuildConfiguration;
			buildSettings = {
				ALWAYS_SEARCH_USER_PATHS = NO;
				CLANG_CXX_LANGUAGE_STANDARD = "gnu++0x";
				CLANG_CXX_LIBRARY = "libc++";
				CLANG_ENABLE_MODULES = YES;
				CLANG_ENABLE_OBJC_ARC = YES;
				CLANG_WARN_BOOL_CONVERSION = YES;
				CLANG_WARN_CONSTANT_CONVERSION = YES;
				CLANG_WARN_DIRECT_OBJC_ISA_USAGE = YES_ERROR;
				CLANG_WARN_EMPTY_BODY = YES;
				CLANG_WARN_ENUM_CONVERSION = YES;
				CLANG_WARN_INT_CONVERSION = YES;
				CLANG_WARN_OBJC_ROOT_CLASS = YES_ERROR;
				CLANG_WARN_UNREACHABLE_CODE = YES;
				CLANG_WARN__DUPLICATE_METHOD_MATCH = YES;
				"CODE_SIGN_IDENTITY[sdk=iphoneos*]" = "iPhone Developer";
				COPY_PHASE_STRIP = YES;
				ENABLE_NS_ASSERTIONS = NO;
				ENABLE_STRICT_OBJC_MSGSEND = YES;
				GCC_C_LANGUAGE_STANDARD = gnu99;
				GCC_WARN_64_TO_32_BIT_CONVERSION = YES;
				GCC_WARN_ABOUT_RETURN_TYPE = YES_ERROR;
				GCC_WARN_UNDECLARED_SELECTOR = YES;
				GCC_WARN_UNINITIALIZED_AUTOS = YES_AGGRESSIVE;
				GCC_WARN_UNUSED_FUNCTION = YES;
				GCC_WARN_UNUSED_VARIABLE = YES;
				IPHONEOS_DEPLOYMENT_TARGET = 8.0;
				MTL_ENABLE_DEBUG_INFO = NO;
				SDKROOT = iphoneos;
				VALIDATE_PRODUCT = YES;
			};
			name = Release;
		};
		3F493C1A19DF961F00D0F1E8 /* Debug */ = {
			isa = XCBuildConfiguration;
			buildSettings = {
				ASSETCATALOG_COMPILER_APPICON_NAME = AppIcon;
				CLANG_ENABLE_MODULES = YES;
				FRAMEWORK_SEARCH_PATHS = (
					"$(inherited)",
					"$(PROJECT_DIR)",
					"$(PROJECT_DIR)/FacebookSDK",
					"$(PROJECT_DIR)/FacebookSDK/FBAudienceNetwork",
				);
				INFOPLIST_FILE = Wordless/Info.plist;
				LD_RUNPATH_SEARCH_PATHS = "$(inherited) @executable_path/Frameworks";
				PRODUCT_NAME = "$(TARGET_NAME)";
				SWIFT_OBJC_BRIDGING_HEADER = "Wordless/Wordless-Bridging-Header.h";
				SWIFT_OPTIMIZATION_LEVEL = "-Onone";
			};
			name = Debug;
		};
		3F493C1B19DF961F00D0F1E8 /* Release */ = {
			isa = XCBuildConfiguration;
			buildSettings = {
				ASSETCATALOG_COMPILER_APPICON_NAME = AppIcon;
				CLANG_ENABLE_MODULES = YES;
				FRAMEWORK_SEARCH_PATHS = (
					"$(inherited)",
					"$(PROJECT_DIR)",
					"$(PROJECT_DIR)/FacebookSDK",
					"$(PROJECT_DIR)/FacebookSDK/FBAudienceNetwork",
				);
				INFOPLIST_FILE = Wordless/Info.plist;
				LD_RUNPATH_SEARCH_PATHS = "$(inherited) @executable_path/Frameworks";
				PRODUCT_NAME = "$(TARGET_NAME)";
				SWIFT_OBJC_BRIDGING_HEADER = "Wordless/Wordless-Bridging-Header.h";
			};
			name = Release;
		};
		3F493C1D19DF961F00D0F1E8 /* Debug */ = {
			isa = XCBuildConfiguration;
			buildSettings = {
				BUNDLE_LOADER = "$(TEST_HOST)";
				FRAMEWORK_SEARCH_PATHS = (
					"$(SDKROOT)/Developer/Library/Frameworks",
					"$(inherited)",
				);
				GCC_PREPROCESSOR_DEFINITIONS = (
					"DEBUG=1",
					"$(inherited)",
				);
				INFOPLIST_FILE = WordlessTests/Info.plist;
				LD_RUNPATH_SEARCH_PATHS = "$(inherited) @executable_path/Frameworks @loader_path/Frameworks";
				PRODUCT_NAME = "$(TARGET_NAME)";
				TEST_HOST = "$(BUILT_PRODUCTS_DIR)/Wordless.app/Wordless";
			};
			name = Debug;
		};
		3F493C1E19DF961F00D0F1E8 /* Release */ = {
			isa = XCBuildConfiguration;
			buildSettings = {
				BUNDLE_LOADER = "$(TEST_HOST)";
				FRAMEWORK_SEARCH_PATHS = (
					"$(SDKROOT)/Developer/Library/Frameworks",
					"$(inherited)",
				);
				INFOPLIST_FILE = WordlessTests/Info.plist;
				LD_RUNPATH_SEARCH_PATHS = "$(inherited) @executable_path/Frameworks @loader_path/Frameworks";
				PRODUCT_NAME = "$(TARGET_NAME)";
				TEST_HOST = "$(BUILT_PRODUCTS_DIR)/Wordless.app/Wordless";
			};
			name = Release;
		};
/* End XCBuildConfiguration section */

/* Begin XCConfigurationList section */
		3F493BF319DF961E00D0F1E8 /* Build configuration list for PBXProject "Wordless" */ = {
			isa = XCConfigurationList;
			buildConfigurations = (
				3F493C1719DF961F00D0F1E8 /* Debug */,
				3F493C1819DF961F00D0F1E8 /* Release */,
			);
			defaultConfigurationIsVisible = 0;
			defaultConfigurationName = Release;
		};
		3F493C1919DF961F00D0F1E8 /* Build configuration list for PBXNativeTarget "Wordless" */ = {
			isa = XCConfigurationList;
			buildConfigurations = (
				3F493C1A19DF961F00D0F1E8 /* Debug */,
				3F493C1B19DF961F00D0F1E8 /* Release */,
			);
			defaultConfigurationIsVisible = 0;
			defaultConfigurationName = Release;
		};
		3F493C1C19DF961F00D0F1E8 /* Build configuration list for PBXNativeTarget "WordlessTests" */ = {
			isa = XCConfigurationList;
			buildConfigurations = (
				3F493C1D19DF961F00D0F1E8 /* Debug */,
				3F493C1E19DF961F00D0F1E8 /* Release */,
			);
			defaultConfigurationIsVisible = 0;
			defaultConfigurationName = Release;
		};
/* End XCConfigurationList section */
	};
	rootObject = 3F493BF019DF961E00D0F1E8 /* Project object */;
}
