// !$*UTF8*$!
{
	archiveVersion = 1;
	classes = {
	};
	objectVersion = 46;
	objects = {

/* Begin PBXBuildFile section */
		3F493BFE19DF961E00D0F1E8 /* AppDelegate.swift in Sources */ = {isa = PBXBuildFile; fileRef = 3F493BFD19DF961E00D0F1E8 /* AppDelegate.swift */; };
		3F493C0019DF961E00D0F1E8 /* MasterViewController.swift in Sources */ = {isa = PBXBuildFile; fileRef = 3F493BFF19DF961E00D0F1E8 /* MasterViewController.swift */; };
		3F493C0219DF961E00D0F1E8 /* DetailViewController.swift in Sources */ = {isa = PBXBuildFile; fileRef = 3F493C0119DF961E00D0F1E8 /* DetailViewController.swift */; };
		3F493C0519DF961E00D0F1E8 /* Main.storyboard in Resources */ = {isa = PBXBuildFile; fileRef = 3F493C0319DF961E00D0F1E8 /* Main.storyboard */; };
		3F493C0719DF961E00D0F1E8 /* Images.xcassets in Resources */ = {isa = PBXBuildFile; fileRef = 3F493C0619DF961E00D0F1E8 /* Images.xcassets */; };
		3F493C0A19DF961E00D0F1E8 /* LaunchScreen.xib in Resources */ = {isa = PBXBuildFile; fileRef = 3F493C0819DF961E00D0F1E8 /* LaunchScreen.xib */; };
		3F493C1619DF961F00D0F1E8 /* WordlessTests.swift in Sources */ = {isa = PBXBuildFile; fileRef = 3F493C1519DF961F00D0F1E8 /* WordlessTests.swift */; };
		3F493C2919DF9E5100D0F1E8 /* Person.swift in Sources */ = {isa = PBXBuildFile; fileRef = 3F493C2819DF9E5100D0F1E8 /* Person.swift */; };
		3F639EC919E09EB800096DD1 /* bubble.png in Resources */ = {isa = PBXBuildFile; fileRef = 3F639E7619E09EB800096DD1 /* bubble.png */; };
		3F639ECA19E09EB800096DD1 /* bubble@2x.png in Resources */ = {isa = PBXBuildFile; fileRef = 3F639E7719E09EB800096DD1 /* bubble@2x.png */; };
		3F639ECB19E09EB800096DD1 /* bubble_min.png in Resources */ = {isa = PBXBuildFile; fileRef = 3F639E7819E09EB800096DD1 /* bubble_min.png */; };
		3F639ECC19E09EB800096DD1 /* bubble_min@2x.png in Resources */ = {isa = PBXBuildFile; fileRef = 3F639E7919E09EB800096DD1 /* bubble_min@2x.png */; };
		3F639ECD19E09EB800096DD1 /* bubble_min_tailless.png in Resources */ = {isa = PBXBuildFile; fileRef = 3F639E7A19E09EB800096DD1 /* bubble_min_tailless.png */; };
		3F639ECE19E09EB800096DD1 /* bubble_min_tailless@2x.png in Resources */ = {isa = PBXBuildFile; fileRef = 3F639E7B19E09EB800096DD1 /* bubble_min_tailless@2x.png */; };
		3F639ECF19E09EB800096DD1 /* bubble_stroked.png in Resources */ = {isa = PBXBuildFile; fileRef = 3F639E7C19E09EB800096DD1 /* bubble_stroked.png */; };
		3F639ED019E09EB800096DD1 /* bubble_stroked@2x.png in Resources */ = {isa = PBXBuildFile; fileRef = 3F639E7D19E09EB800096DD1 /* bubble_stroked@2x.png */; };
		3F639ED119E09EB800096DD1 /* bubble_stroked_tailless.png in Resources */ = {isa = PBXBuildFile; fileRef = 3F639E7E19E09EB800096DD1 /* bubble_stroked_tailless.png */; };
		3F639ED219E09EB800096DD1 /* bubble_stroked_tailless@2x.png in Resources */ = {isa = PBXBuildFile; fileRef = 3F639E7F19E09EB800096DD1 /* bubble_stroked_tailless@2x.png */; };
		3F639ED319E09EB800096DD1 /* bubble_tailless.png in Resources */ = {isa = PBXBuildFile; fileRef = 3F639E8019E09EB800096DD1 /* bubble_tailless.png */; };
		3F639ED419E09EB800096DD1 /* bubble_tailless@2x.png in Resources */ = {isa = PBXBuildFile; fileRef = 3F639E8119E09EB800096DD1 /* bubble_tailless@2x.png */; };
		3F639ED519E09EB800096DD1 /* camera.png in Resources */ = {isa = PBXBuildFile; fileRef = 3F639E8219E09EB800096DD1 /* camera.png */; };
		3F639ED619E09EB800096DD1 /* camera@2x.png in Resources */ = {isa = PBXBuildFile; fileRef = 3F639E8319E09EB800096DD1 /* camera@2x.png */; };
		3F639ED719E09EB800096DD1 /* typing.png in Resources */ = {isa = PBXBuildFile; fileRef = 3F639E8419E09EB800096DD1 /* typing.png */; };
		3F639ED819E09EB800096DD1 /* typing@2x.png in Resources */ = {isa = PBXBuildFile; fileRef = 3F639E8519E09EB800096DD1 /* typing@2x.png */; };
		3F639ED919E09EB800096DD1 /* message_received.aiff in Resources */ = {isa = PBXBuildFile; fileRef = 3F639E8719E09EB800096DD1 /* message_received.aiff */; };
		3F639EDA19E09EB800096DD1 /* message_sent.aiff in Resources */ = {isa = PBXBuildFile; fileRef = 3F639E8819E09EB800096DD1 /* message_sent.aiff */; };
		3F639EDB19E09EB800096DD1 /* JSQSystemSoundPlayer+JSQMessages.m in Sources */ = {isa = PBXBuildFile; fileRef = 3F639E8B19E09EB800096DD1 /* JSQSystemSoundPlayer+JSQMessages.m */; };
		3F639EDC19E09EB800096DD1 /* NSString+JSQMessages.m in Sources */ = {isa = PBXBuildFile; fileRef = 3F639E8D19E09EB800096DD1 /* NSString+JSQMessages.m */; };
		3F639EDD19E09EB800096DD1 /* UIColor+JSQMessages.m in Sources */ = {isa = PBXBuildFile; fileRef = 3F639E8F19E09EB800096DD1 /* UIColor+JSQMessages.m */; };
		3F639EDE19E09EB800096DD1 /* UIImage+JSQMessages.m in Sources */ = {isa = PBXBuildFile; fileRef = 3F639E9119E09EB800096DD1 /* UIImage+JSQMessages.m */; };
		3F639EDF19E09EB800096DD1 /* UIView+JSQMessages.m in Sources */ = {isa = PBXBuildFile; fileRef = 3F639E9319E09EB800096DD1 /* UIView+JSQMessages.m */; };
		3F639EE019E09EB800096DD1 /* JSQMessagesKeyboardController.m in Sources */ = {isa = PBXBuildFile; fileRef = 3F639E9619E09EB800096DD1 /* JSQMessagesKeyboardController.m */; };
		3F639EE119E09EB800096DD1 /* JSQMessagesViewController.m in Sources */ = {isa = PBXBuildFile; fileRef = 3F639E9819E09EB800096DD1 /* JSQMessagesViewController.m */; };
		3F639EE219E09EB800096DD1 /* JSQMessagesViewController.xib in Resources */ = {isa = PBXBuildFile; fileRef = 3F639E9919E09EB800096DD1 /* JSQMessagesViewController.xib */; };
		3F639EE319E09EB800096DD1 /* JSQMessagesAvatarFactory.m in Sources */ = {isa = PBXBuildFile; fileRef = 3F639E9C19E09EB800096DD1 /* JSQMessagesAvatarFactory.m */; };
		3F639EE419E09EB800096DD1 /* JSQMessagesBubbleImageFactory.m in Sources */ = {isa = PBXBuildFile; fileRef = 3F639E9E19E09EB800096DD1 /* JSQMessagesBubbleImageFactory.m */; };
		3F639EE519E09EB800096DD1 /* JSQMessagesTimestampFormatter.m in Sources */ = {isa = PBXBuildFile; fileRef = 3F639EA019E09EB800096DD1 /* JSQMessagesTimestampFormatter.m */; };
		3F639EE619E09EB800096DD1 /* JSQMessagesToolbarButtonFactory.m in Sources */ = {isa = PBXBuildFile; fileRef = 3F639EA219E09EB800096DD1 /* JSQMessagesToolbarButtonFactory.m */; };
		3F639EE719E09EB800096DD1 /* JSQMessagesCollectionViewFlowLayout.m in Sources */ = {isa = PBXBuildFile; fileRef = 3F639EA619E09EB800096DD1 /* JSQMessagesCollectionViewFlowLayout.m */; };
		3F639EE819E09EB800096DD1 /* JSQMessagesCollectionViewFlowLayoutInvalidationContext.m in Sources */ = {isa = PBXBuildFile; fileRef = 3F639EA819E09EB800096DD1 /* JSQMessagesCollectionViewFlowLayoutInvalidationContext.m */; };
		3F639EE919E09EB800096DD1 /* JSQMessagesCollectionViewLayoutAttributes.m in Sources */ = {isa = PBXBuildFile; fileRef = 3F639EAA19E09EB800096DD1 /* JSQMessagesCollectionViewLayoutAttributes.m */; };
		3F639EEA19E09EB800096DD1 /* JSQMessage.m in Sources */ = {isa = PBXBuildFile; fileRef = 3F639EAD19E09EB800096DD1 /* JSQMessage.m */; };
		3F639EEB19E09EB800096DD1 /* JSQMessagesCollectionView.m in Sources */ = {isa = PBXBuildFile; fileRef = 3F639EB119E09EB800096DD1 /* JSQMessagesCollectionView.m */; };
		3F639EEC19E09EB800096DD1 /* JSQMessagesCollectionViewCell.m in Sources */ = {isa = PBXBuildFile; fileRef = 3F639EB319E09EB800096DD1 /* JSQMessagesCollectionViewCell.m */; };
		3F639EED19E09EB800096DD1 /* JSQMessagesCollectionViewCellIncoming.m in Sources */ = {isa = PBXBuildFile; fileRef = 3F639EB519E09EB800096DD1 /* JSQMessagesCollectionViewCellIncoming.m */; };
		3F639EEE19E09EB800096DD1 /* JSQMessagesCollectionViewCellIncoming.xib in Resources */ = {isa = PBXBuildFile; fileRef = 3F639EB619E09EB800096DD1 /* JSQMessagesCollectionViewCellIncoming.xib */; };
		3F639EEF19E09EB800096DD1 /* JSQMessagesCollectionViewCellOutgoing.m in Sources */ = {isa = PBXBuildFile; fileRef = 3F639EB819E09EB800096DD1 /* JSQMessagesCollectionViewCellOutgoing.m */; };
		3F639EF019E09EB800096DD1 /* JSQMessagesCollectionViewCellOutgoing.xib in Resources */ = {isa = PBXBuildFile; fileRef = 3F639EB919E09EB800096DD1 /* JSQMessagesCollectionViewCellOutgoing.xib */; };
		3F639EF119E09EB800096DD1 /* JSQMessagesComposerTextView.m in Sources */ = {isa = PBXBuildFile; fileRef = 3F639EBB19E09EB800096DD1 /* JSQMessagesComposerTextView.m */; };
		3F639EF219E09EB800096DD1 /* JSQMessagesInputToolbar.m in Sources */ = {isa = PBXBuildFile; fileRef = 3F639EBD19E09EB800096DD1 /* JSQMessagesInputToolbar.m */; };
		3F639EF319E09EB800096DD1 /* JSQMessagesLabel.m in Sources */ = {isa = PBXBuildFile; fileRef = 3F639EBF19E09EB800096DD1 /* JSQMessagesLabel.m */; };
		3F639EF419E09EB800096DD1 /* JSQMessagesLoadEarlierHeaderView.m in Sources */ = {isa = PBXBuildFile; fileRef = 3F639EC119E09EB800096DD1 /* JSQMessagesLoadEarlierHeaderView.m */; };
		3F639EF519E09EB800096DD1 /* JSQMessagesLoadEarlierHeaderView.xib in Resources */ = {isa = PBXBuildFile; fileRef = 3F639EC219E09EB800096DD1 /* JSQMessagesLoadEarlierHeaderView.xib */; };
		3F639EF619E09EB800096DD1 /* JSQMessagesToolbarContentView.m in Sources */ = {isa = PBXBuildFile; fileRef = 3F639EC419E09EB800096DD1 /* JSQMessagesToolbarContentView.m */; };
		3F639EF719E09EB800096DD1 /* JSQMessagesToolbarContentView.xib in Resources */ = {isa = PBXBuildFile; fileRef = 3F639EC519E09EB800096DD1 /* JSQMessagesToolbarContentView.xib */; };
		3F639EF819E09EB800096DD1 /* JSQMessagesTypingIndicatorFooterView.m in Sources */ = {isa = PBXBuildFile; fileRef = 3F639EC719E09EB800096DD1 /* JSQMessagesTypingIndicatorFooterView.m */; };
		3F639EF919E09EB800096DD1 /* JSQMessagesTypingIndicatorFooterView.xib in Resources */ = {isa = PBXBuildFile; fileRef = 3F639EC819E09EB800096DD1 /* JSQMessagesTypingIndicatorFooterView.xib */; };
		3F639EFE19E09EC000096DD1 /* JSQSystemSoundPlayer.m in Sources */ = {isa = PBXBuildFile; fileRef = 3F639EFD19E09EC000096DD1 /* JSQSystemSoundPlayer.m */; };
		8D34348D19DF9F16004CFA3B /* Bolts.framework in Frameworks */ = {isa = PBXBuildFile; fileRef = 8D34348A19DF9F16004CFA3B /* Bolts.framework */; };
		8D34348E19DF9F16004CFA3B /* Parse.framework in Frameworks */ = {isa = PBXBuildFile; fileRef = 8D34348B19DF9F16004CFA3B /* Parse.framework */; };
		8D34348F19DF9F16004CFA3B /* ParseFacebookUtils.framework in Frameworks */ = {isa = PBXBuildFile; fileRef = 8D34348C19DF9F16004CFA3B /* ParseFacebookUtils.framework */; };
		8D34349319DF9F46004CFA3B /* CoreLocation.framework in Frameworks */ = {isa = PBXBuildFile; fileRef = 8D34349219DF9F46004CFA3B /* CoreLocation.framework */; };
		8D34349519DF9F4B004CFA3B /* StoreKit.framework in Frameworks */ = {isa = PBXBuildFile; fileRef = 8D34349419DF9F4B004CFA3B /* StoreKit.framework */; };
		8D34349719DF9F55004CFA3B /* CoreGraphics.framework in Frameworks */ = {isa = PBXBuildFile; fileRef = 8D34349619DF9F55004CFA3B /* CoreGraphics.framework */; };
		8D34349919DF9F60004CFA3B /* QuartzCore.framework in Frameworks */ = {isa = PBXBuildFile; fileRef = 8D34349819DF9F60004CFA3B /* QuartzCore.framework */; };
		8D34349B19DF9F75004CFA3B /* AudioToolbox.framework in Frameworks */ = {isa = PBXBuildFile; fileRef = 8D34349A19DF9F75004CFA3B /* AudioToolbox.framework */; };
		8D34349D19DF9F7A004CFA3B /* CFNetwork.framework in Frameworks */ = {isa = PBXBuildFile; fileRef = 8D34349C19DF9F7A004CFA3B /* CFNetwork.framework */; };
		8D34349F19DF9F8B004CFA3B /* libz.dylib in Frameworks */ = {isa = PBXBuildFile; fileRef = 8D34349E19DF9F8B004CFA3B /* libz.dylib */; };
		8D3434A119DF9FA0004CFA3B /* MobileCoreServices.framework in Frameworks */ = {isa = PBXBuildFile; fileRef = 8D3434A019DF9FA0004CFA3B /* MobileCoreServices.framework */; };
		8D3434A319DF9FAA004CFA3B /* Security.framework in Frameworks */ = {isa = PBXBuildFile; fileRef = 8D3434A219DF9FAA004CFA3B /* Security.framework */; };
		8D3434A519DF9FB4004CFA3B /* SystemConfiguration.framework in Frameworks */ = {isa = PBXBuildFile; fileRef = 8D3434A419DF9FB4004CFA3B /* SystemConfiguration.framework */; };
		8D3434A819DFA079004CFA3B /* ParseImport.m in Sources */ = {isa = PBXBuildFile; fileRef = 8D3434A719DFA079004CFA3B /* ParseImport.m */; };
		8D3434AA19E0893C004CFA3B /* RSTMessage.swift in Sources */ = {isa = PBXBuildFile; fileRef = 8D3434A919E0893C004CFA3B /* RSTMessage.swift */; };
		8D34365E19E09202004CFA3B /* FacebookSDK.framework in Frameworks */ = {isa = PBXBuildFile; fileRef = 8D34365D19E09202004CFA3B /* FacebookSDK.framework */; };
/* End PBXBuildFile section */

/* Begin PBXContainerItemProxy section */
		3F493C1019DF961F00D0F1E8 /* PBXContainerItemProxy */ = {
			isa = PBXContainerItemProxy;
			containerPortal = 3F493BF019DF961E00D0F1E8 /* Project object */;
			proxyType = 1;
			remoteGlobalIDString = 3F493BF719DF961E00D0F1E8;
			remoteInfo = Wordless;
		};
/* End PBXContainerItemProxy section */

/* Begin PBXFileReference section */
		3F493BF819DF961E00D0F1E8 /* Wordless.app */ = {isa = PBXFileReference; explicitFileType = wrapper.application; includeInIndex = 0; path = Wordless.app; sourceTree = BUILT_PRODUCTS_DIR; };
		3F493BFC19DF961E00D0F1E8 /* Info.plist */ = {isa = PBXFileReference; lastKnownFileType = text.plist.xml; path = Info.plist; sourceTree = "<group>"; };
		3F493BFD19DF961E00D0F1E8 /* AppDelegate.swift */ = {isa = PBXFileReference; lastKnownFileType = sourcecode.swift; path = AppDelegate.swift; sourceTree = "<group>"; };
		3F493BFF19DF961E00D0F1E8 /* MasterViewController.swift */ = {isa = PBXFileReference; lastKnownFileType = sourcecode.swift; path = MasterViewController.swift; sourceTree = "<group>"; };
		3F493C0119DF961E00D0F1E8 /* DetailViewController.swift */ = {isa = PBXFileReference; lastKnownFileType = sourcecode.swift; path = DetailViewController.swift; sourceTree = "<group>"; };
		3F493C0419DF961E00D0F1E8 /* Base */ = {isa = PBXFileReference; lastKnownFileType = file.storyboard; name = Base; path = Base.lproj/Main.storyboard; sourceTree = "<group>"; };
		3F493C0619DF961E00D0F1E8 /* Images.xcassets */ = {isa = PBXFileReference; lastKnownFileType = folder.assetcatalog; path = Images.xcassets; sourceTree = "<group>"; };
		3F493C0919DF961E00D0F1E8 /* Base */ = {isa = PBXFileReference; lastKnownFileType = file.xib; name = Base; path = Base.lproj/LaunchScreen.xib; sourceTree = "<group>"; };
		3F493C0F19DF961F00D0F1E8 /* WordlessTests.xctest */ = {isa = PBXFileReference; explicitFileType = wrapper.cfbundle; includeInIndex = 0; path = WordlessTests.xctest; sourceTree = BUILT_PRODUCTS_DIR; };
		3F493C1419DF961F00D0F1E8 /* Info.plist */ = {isa = PBXFileReference; lastKnownFileType = text.plist.xml; path = Info.plist; sourceTree = "<group>"; };
		3F493C1519DF961F00D0F1E8 /* WordlessTests.swift */ = {isa = PBXFileReference; lastKnownFileType = sourcecode.swift; path = WordlessTests.swift; sourceTree = "<group>"; };
		3F493C2819DF9E5100D0F1E8 /* Person.swift */ = {isa = PBXFileReference; fileEncoding = 4; lastKnownFileType = sourcecode.swift; path = Person.swift; sourceTree = "<group>"; };
		3F639E7619E09EB800096DD1 /* bubble.png */ = {isa = PBXFileReference; lastKnownFileType = image.png; path = bubble.png; sourceTree = "<group>"; };
		3F639E7719E09EB800096DD1 /* bubble@2x.png */ = {isa = PBXFileReference; lastKnownFileType = image.png; path = "bubble@2x.png"; sourceTree = "<group>"; };
		3F639E7819E09EB800096DD1 /* bubble_min.png */ = {isa = PBXFileReference; lastKnownFileType = image.png; path = bubble_min.png; sourceTree = "<group>"; };
		3F639E7919E09EB800096DD1 /* bubble_min@2x.png */ = {isa = PBXFileReference; lastKnownFileType = image.png; path = "bubble_min@2x.png"; sourceTree = "<group>"; };
		3F639E7A19E09EB800096DD1 /* bubble_min_tailless.png */ = {isa = PBXFileReference; lastKnownFileType = image.png; path = bubble_min_tailless.png; sourceTree = "<group>"; };
		3F639E7B19E09EB800096DD1 /* bubble_min_tailless@2x.png */ = {isa = PBXFileReference; lastKnownFileType = image.png; path = "bubble_min_tailless@2x.png"; sourceTree = "<group>"; };
		3F639E7C19E09EB800096DD1 /* bubble_stroked.png */ = {isa = PBXFileReference; lastKnownFileType = image.png; path = bubble_stroked.png; sourceTree = "<group>"; };
		3F639E7D19E09EB800096DD1 /* bubble_stroked@2x.png */ = {isa = PBXFileReference; lastKnownFileType = image.png; path = "bubble_stroked@2x.png"; sourceTree = "<group>"; };
		3F639E7E19E09EB800096DD1 /* bubble_stroked_tailless.png */ = {isa = PBXFileReference; lastKnownFileType = image.png; path = bubble_stroked_tailless.png; sourceTree = "<group>"; };
		3F639E7F19E09EB800096DD1 /* bubble_stroked_tailless@2x.png */ = {isa = PBXFileReference; lastKnownFileType = image.png; path = "bubble_stroked_tailless@2x.png"; sourceTree = "<group>"; };
		3F639E8019E09EB800096DD1 /* bubble_tailless.png */ = {isa = PBXFileReference; lastKnownFileType = image.png; path = bubble_tailless.png; sourceTree = "<group>"; };
		3F639E8119E09EB800096DD1 /* bubble_tailless@2x.png */ = {isa = PBXFileReference; lastKnownFileType = image.png; path = "bubble_tailless@2x.png"; sourceTree = "<group>"; };
		3F639E8219E09EB800096DD1 /* camera.png */ = {isa = PBXFileReference; lastKnownFileType = image.png; path = camera.png; sourceTree = "<group>"; };
		3F639E8319E09EB800096DD1 /* camera@2x.png */ = {isa = PBXFileReference; lastKnownFileType = image.png; path = "camera@2x.png"; sourceTree = "<group>"; };
		3F639E8419E09EB800096DD1 /* typing.png */ = {isa = PBXFileReference; lastKnownFileType = image.png; path = typing.png; sourceTree = "<group>"; };
		3F639E8519E09EB800096DD1 /* typing@2x.png */ = {isa = PBXFileReference; lastKnownFileType = image.png; path = "typing@2x.png"; sourceTree = "<group>"; };
		3F639E8719E09EB800096DD1 /* message_received.aiff */ = {isa = PBXFileReference; lastKnownFileType = audio.aiff; path = message_received.aiff; sourceTree = "<group>"; };
		3F639E8819E09EB800096DD1 /* message_sent.aiff */ = {isa = PBXFileReference; lastKnownFileType = audio.aiff; path = message_sent.aiff; sourceTree = "<group>"; };
		3F639E8A19E09EB800096DD1 /* JSQSystemSoundPlayer+JSQMessages.h */ = {isa = PBXFileReference; fileEncoding = 4; lastKnownFileType = sourcecode.c.h; path = "JSQSystemSoundPlayer+JSQMessages.h"; sourceTree = "<group>"; };
		3F639E8B19E09EB800096DD1 /* JSQSystemSoundPlayer+JSQMessages.m */ = {isa = PBXFileReference; fileEncoding = 4; lastKnownFileType = sourcecode.c.objc; path = "JSQSystemSoundPlayer+JSQMessages.m"; sourceTree = "<group>"; };
		3F639E8C19E09EB800096DD1 /* NSString+JSQMessages.h */ = {isa = PBXFileReference; fileEncoding = 4; lastKnownFileType = sourcecode.c.h; path = "NSString+JSQMessages.h"; sourceTree = "<group>"; };
		3F639E8D19E09EB800096DD1 /* NSString+JSQMessages.m */ = {isa = PBXFileReference; fileEncoding = 4; lastKnownFileType = sourcecode.c.objc; path = "NSString+JSQMessages.m"; sourceTree = "<group>"; };
		3F639E8E19E09EB800096DD1 /* UIColor+JSQMessages.h */ = {isa = PBXFileReference; fileEncoding = 4; lastKnownFileType = sourcecode.c.h; path = "UIColor+JSQMessages.h"; sourceTree = "<group>"; };
		3F639E8F19E09EB800096DD1 /* UIColor+JSQMessages.m */ = {isa = PBXFileReference; fileEncoding = 4; lastKnownFileType = sourcecode.c.objc; path = "UIColor+JSQMessages.m"; sourceTree = "<group>"; };
		3F639E9019E09EB800096DD1 /* UIImage+JSQMessages.h */ = {isa = PBXFileReference; fileEncoding = 4; lastKnownFileType = sourcecode.c.h; path = "UIImage+JSQMessages.h"; sourceTree = "<group>"; };
		3F639E9119E09EB800096DD1 /* UIImage+JSQMessages.m */ = {isa = PBXFileReference; fileEncoding = 4; lastKnownFileType = sourcecode.c.objc; path = "UIImage+JSQMessages.m"; sourceTree = "<group>"; };
		3F639E9219E09EB800096DD1 /* UIView+JSQMessages.h */ = {isa = PBXFileReference; fileEncoding = 4; lastKnownFileType = sourcecode.c.h; path = "UIView+JSQMessages.h"; sourceTree = "<group>"; };
		3F639E9319E09EB800096DD1 /* UIView+JSQMessages.m */ = {isa = PBXFileReference; fileEncoding = 4; lastKnownFileType = sourcecode.c.objc; path = "UIView+JSQMessages.m"; sourceTree = "<group>"; };
		3F639E9519E09EB800096DD1 /* JSQMessagesKeyboardController.h */ = {isa = PBXFileReference; fileEncoding = 4; lastKnownFileType = sourcecode.c.h; path = JSQMessagesKeyboardController.h; sourceTree = "<group>"; };
		3F639E9619E09EB800096DD1 /* JSQMessagesKeyboardController.m */ = {isa = PBXFileReference; fileEncoding = 4; lastKnownFileType = sourcecode.c.objc; path = JSQMessagesKeyboardController.m; sourceTree = "<group>"; };
		3F639E9719E09EB800096DD1 /* JSQMessagesViewController.h */ = {isa = PBXFileReference; fileEncoding = 4; lastKnownFileType = sourcecode.c.h; path = JSQMessagesViewController.h; sourceTree = "<group>"; };
		3F639E9819E09EB800096DD1 /* JSQMessagesViewController.m */ = {isa = PBXFileReference; fileEncoding = 4; lastKnownFileType = sourcecode.c.objc; path = JSQMessagesViewController.m; sourceTree = "<group>"; };
		3F639E9919E09EB800096DD1 /* JSQMessagesViewController.xib */ = {isa = PBXFileReference; fileEncoding = 4; lastKnownFileType = file.xib; path = JSQMessagesViewController.xib; sourceTree = "<group>"; };
		3F639E9B19E09EB800096DD1 /* JSQMessagesAvatarFactory.h */ = {isa = PBXFileReference; fileEncoding = 4; lastKnownFileType = sourcecode.c.h; path = JSQMessagesAvatarFactory.h; sourceTree = "<group>"; };
		3F639E9C19E09EB800096DD1 /* JSQMessagesAvatarFactory.m */ = {isa = PBXFileReference; fileEncoding = 4; lastKnownFileType = sourcecode.c.objc; path = JSQMessagesAvatarFactory.m; sourceTree = "<group>"; };
		3F639E9D19E09EB800096DD1 /* JSQMessagesBubbleImageFactory.h */ = {isa = PBXFileReference; fileEncoding = 4; lastKnownFileType = sourcecode.c.h; path = JSQMessagesBubbleImageFactory.h; sourceTree = "<group>"; };
		3F639E9E19E09EB800096DD1 /* JSQMessagesBubbleImageFactory.m */ = {isa = PBXFileReference; fileEncoding = 4; lastKnownFileType = sourcecode.c.objc; path = JSQMessagesBubbleImageFactory.m; sourceTree = "<group>"; };
		3F639E9F19E09EB800096DD1 /* JSQMessagesTimestampFormatter.h */ = {isa = PBXFileReference; fileEncoding = 4; lastKnownFileType = sourcecode.c.h; path = JSQMessagesTimestampFormatter.h; sourceTree = "<group>"; };
		3F639EA019E09EB800096DD1 /* JSQMessagesTimestampFormatter.m */ = {isa = PBXFileReference; fileEncoding = 4; lastKnownFileType = sourcecode.c.objc; path = JSQMessagesTimestampFormatter.m; sourceTree = "<group>"; };
		3F639EA119E09EB800096DD1 /* JSQMessagesToolbarButtonFactory.h */ = {isa = PBXFileReference; fileEncoding = 4; lastKnownFileType = sourcecode.c.h; path = JSQMessagesToolbarButtonFactory.h; sourceTree = "<group>"; };
		3F639EA219E09EB800096DD1 /* JSQMessagesToolbarButtonFactory.m */ = {isa = PBXFileReference; fileEncoding = 4; lastKnownFileType = sourcecode.c.objc; path = JSQMessagesToolbarButtonFactory.m; sourceTree = "<group>"; };
		3F639EA319E09EB800096DD1 /* JSQMessages.h */ = {isa = PBXFileReference; fileEncoding = 4; lastKnownFileType = sourcecode.c.h; path = JSQMessages.h; sourceTree = "<group>"; };
		3F639EA519E09EB800096DD1 /* JSQMessagesCollectionViewFlowLayout.h */ = {isa = PBXFileReference; fileEncoding = 4; lastKnownFileType = sourcecode.c.h; path = JSQMessagesCollectionViewFlowLayout.h; sourceTree = "<group>"; };
		3F639EA619E09EB800096DD1 /* JSQMessagesCollectionViewFlowLayout.m */ = {isa = PBXFileReference; fileEncoding = 4; lastKnownFileType = sourcecode.c.objc; path = JSQMessagesCollectionViewFlowLayout.m; sourceTree = "<group>"; };
		3F639EA719E09EB800096DD1 /* JSQMessagesCollectionViewFlowLayoutInvalidationContext.h */ = {isa = PBXFileReference; fileEncoding = 4; lastKnownFileType = sourcecode.c.h; path = JSQMessagesCollectionViewFlowLayoutInvalidationContext.h; sourceTree = "<group>"; };
		3F639EA819E09EB800096DD1 /* JSQMessagesCollectionViewFlowLayoutInvalidationContext.m */ = {isa = PBXFileReference; fileEncoding = 4; lastKnownFileType = sourcecode.c.objc; path = JSQMessagesCollectionViewFlowLayoutInvalidationContext.m; sourceTree = "<group>"; };
		3F639EA919E09EB800096DD1 /* JSQMessagesCollectionViewLayoutAttributes.h */ = {isa = PBXFileReference; fileEncoding = 4; lastKnownFileType = sourcecode.c.h; path = JSQMessagesCollectionViewLayoutAttributes.h; sourceTree = "<group>"; };
		3F639EAA19E09EB800096DD1 /* JSQMessagesCollectionViewLayoutAttributes.m */ = {isa = PBXFileReference; fileEncoding = 4; lastKnownFileType = sourcecode.c.objc; path = JSQMessagesCollectionViewLayoutAttributes.m; sourceTree = "<group>"; };
		3F639EAC19E09EB800096DD1 /* JSQMessage.h */ = {isa = PBXFileReference; fileEncoding = 4; lastKnownFileType = sourcecode.c.h; path = JSQMessage.h; sourceTree = "<group>"; };
		3F639EAD19E09EB800096DD1 /* JSQMessage.m */ = {isa = PBXFileReference; fileEncoding = 4; lastKnownFileType = sourcecode.c.objc; path = JSQMessage.m; sourceTree = "<group>"; };
		3F639EAE19E09EB800096DD1 /* JSQMessageData.h */ = {isa = PBXFileReference; fileEncoding = 4; lastKnownFileType = sourcecode.c.h; path = JSQMessageData.h; sourceTree = "<group>"; };
		3F639EB019E09EB800096DD1 /* JSQMessagesCollectionView.h */ = {isa = PBXFileReference; fileEncoding = 4; lastKnownFileType = sourcecode.c.h; path = JSQMessagesCollectionView.h; sourceTree = "<group>"; };
		3F639EB119E09EB800096DD1 /* JSQMessagesCollectionView.m */ = {isa = PBXFileReference; fileEncoding = 4; lastKnownFileType = sourcecode.c.objc; path = JSQMessagesCollectionView.m; sourceTree = "<group>"; };
		3F639EB219E09EB800096DD1 /* JSQMessagesCollectionViewCell.h */ = {isa = PBXFileReference; fileEncoding = 4; lastKnownFileType = sourcecode.c.h; path = JSQMessagesCollectionViewCell.h; sourceTree = "<group>"; };
		3F639EB319E09EB800096DD1 /* JSQMessagesCollectionViewCell.m */ = {isa = PBXFileReference; fileEncoding = 4; lastKnownFileType = sourcecode.c.objc; path = JSQMessagesCollectionViewCell.m; sourceTree = "<group>"; };
		3F639EB419E09EB800096DD1 /* JSQMessagesCollectionViewCellIncoming.h */ = {isa = PBXFileReference; fileEncoding = 4; lastKnownFileType = sourcecode.c.h; path = JSQMessagesCollectionViewCellIncoming.h; sourceTree = "<group>"; };
		3F639EB519E09EB800096DD1 /* JSQMessagesCollectionViewCellIncoming.m */ = {isa = PBXFileReference; fileEncoding = 4; lastKnownFileType = sourcecode.c.objc; path = JSQMessagesCollectionViewCellIncoming.m; sourceTree = "<group>"; };
		3F639EB619E09EB800096DD1 /* JSQMessagesCollectionViewCellIncoming.xib */ = {isa = PBXFileReference; fileEncoding = 4; lastKnownFileType = file.xib; path = JSQMessagesCollectionViewCellIncoming.xib; sourceTree = "<group>"; };
		3F639EB719E09EB800096DD1 /* JSQMessagesCollectionViewCellOutgoing.h */ = {isa = PBXFileReference; fileEncoding = 4; lastKnownFileType = sourcecode.c.h; path = JSQMessagesCollectionViewCellOutgoing.h; sourceTree = "<group>"; };
		3F639EB819E09EB800096DD1 /* JSQMessagesCollectionViewCellOutgoing.m */ = {isa = PBXFileReference; fileEncoding = 4; lastKnownFileType = sourcecode.c.objc; path = JSQMessagesCollectionViewCellOutgoing.m; sourceTree = "<group>"; };
		3F639EB919E09EB800096DD1 /* JSQMessagesCollectionViewCellOutgoing.xib */ = {isa = PBXFileReference; fileEncoding = 4; lastKnownFileType = file.xib; path = JSQMessagesCollectionViewCellOutgoing.xib; sourceTree = "<group>"; };
		3F639EBA19E09EB800096DD1 /* JSQMessagesComposerTextView.h */ = {isa = PBXFileReference; fileEncoding = 4; lastKnownFileType = sourcecode.c.h; path = JSQMessagesComposerTextView.h; sourceTree = "<group>"; };
		3F639EBB19E09EB800096DD1 /* JSQMessagesComposerTextView.m */ = {isa = PBXFileReference; fileEncoding = 4; lastKnownFileType = sourcecode.c.objc; path = JSQMessagesComposerTextView.m; sourceTree = "<group>"; };
		3F639EBC19E09EB800096DD1 /* JSQMessagesInputToolbar.h */ = {isa = PBXFileReference; fileEncoding = 4; lastKnownFileType = sourcecode.c.h; path = JSQMessagesInputToolbar.h; sourceTree = "<group>"; };
		3F639EBD19E09EB800096DD1 /* JSQMessagesInputToolbar.m */ = {isa = PBXFileReference; fileEncoding = 4; lastKnownFileType = sourcecode.c.objc; path = JSQMessagesInputToolbar.m; sourceTree = "<group>"; };
		3F639EBE19E09EB800096DD1 /* JSQMessagesLabel.h */ = {isa = PBXFileReference; fileEncoding = 4; lastKnownFileType = sourcecode.c.h; path = JSQMessagesLabel.h; sourceTree = "<group>"; };
		3F639EBF19E09EB800096DD1 /* JSQMessagesLabel.m */ = {isa = PBXFileReference; fileEncoding = 4; lastKnownFileType = sourcecode.c.objc; path = JSQMessagesLabel.m; sourceTree = "<group>"; };
		3F639EC019E09EB800096DD1 /* JSQMessagesLoadEarlierHeaderView.h */ = {isa = PBXFileReference; fileEncoding = 4; lastKnownFileType = sourcecode.c.h; path = JSQMessagesLoadEarlierHeaderView.h; sourceTree = "<group>"; };
		3F639EC119E09EB800096DD1 /* JSQMessagesLoadEarlierHeaderView.m */ = {isa = PBXFileReference; fileEncoding = 4; lastKnownFileType = sourcecode.c.objc; path = JSQMessagesLoadEarlierHeaderView.m; sourceTree = "<group>"; };
		3F639EC219E09EB800096DD1 /* JSQMessagesLoadEarlierHeaderView.xib */ = {isa = PBXFileReference; fileEncoding = 4; lastKnownFileType = file.xib; path = JSQMessagesLoadEarlierHeaderView.xib; sourceTree = "<group>"; };
		3F639EC319E09EB800096DD1 /* JSQMessagesToolbarContentView.h */ = {isa = PBXFileReference; fileEncoding = 4; lastKnownFileType = sourcecode.c.h; path = JSQMessagesToolbarContentView.h; sourceTree = "<group>"; };
		3F639EC419E09EB800096DD1 /* JSQMessagesToolbarContentView.m */ = {isa = PBXFileReference; fileEncoding = 4; lastKnownFileType = sourcecode.c.objc; path = JSQMessagesToolbarContentView.m; sourceTree = "<group>"; };
		3F639EC519E09EB800096DD1 /* JSQMessagesToolbarContentView.xib */ = {isa = PBXFileReference; fileEncoding = 4; lastKnownFileType = file.xib; path = JSQMessagesToolbarContentView.xib; sourceTree = "<group>"; };
		3F639EC619E09EB800096DD1 /* JSQMessagesTypingIndicatorFooterView.h */ = {isa = PBXFileReference; fileEncoding = 4; lastKnownFileType = sourcecode.c.h; path = JSQMessagesTypingIndicatorFooterView.h; sourceTree = "<group>"; };
		3F639EC719E09EB800096DD1 /* JSQMessagesTypingIndicatorFooterView.m */ = {isa = PBXFileReference; fileEncoding = 4; lastKnownFileType = sourcecode.c.objc; path = JSQMessagesTypingIndicatorFooterView.m; sourceTree = "<group>"; };
		3F639EC819E09EB800096DD1 /* JSQMessagesTypingIndicatorFooterView.xib */ = {isa = PBXFileReference; fileEncoding = 4; lastKnownFileType = file.xib; path = JSQMessagesTypingIndicatorFooterView.xib; sourceTree = "<group>"; };
		3F639EFC19E09EC000096DD1 /* JSQSystemSoundPlayer.h */ = {isa = PBXFileReference; fileEncoding = 4; lastKnownFileType = sourcecode.c.h; path = JSQSystemSoundPlayer.h; sourceTree = "<group>"; };
		3F639EFD19E09EC000096DD1 /* JSQSystemSoundPlayer.m */ = {isa = PBXFileReference; fileEncoding = 4; lastKnownFileType = sourcecode.c.objc; path = JSQSystemSoundPlayer.m; sourceTree = "<group>"; };
		8D34348A19DF9F16004CFA3B /* Bolts.framework */ = {isa = PBXFileReference; lastKnownFileType = wrapper.framework; path = Bolts.framework; sourceTree = "<group>"; };
		8D34348B19DF9F16004CFA3B /* Parse.framework */ = {isa = PBXFileReference; lastKnownFileType = wrapper.framework; path = Parse.framework; sourceTree = "<group>"; };
		8D34348C19DF9F16004CFA3B /* ParseFacebookUtils.framework */ = {isa = PBXFileReference; lastKnownFileType = wrapper.framework; path = ParseFacebookUtils.framework; sourceTree = "<group>"; };
		8D34349219DF9F46004CFA3B /* CoreLocation.framework */ = {isa = PBXFileReference; lastKnownFileType = wrapper.framework; name = CoreLocation.framework; path = System/Library/Frameworks/CoreLocation.framework; sourceTree = SDKROOT; };
		8D34349419DF9F4B004CFA3B /* StoreKit.framework */ = {isa = PBXFileReference; lastKnownFileType = wrapper.framework; name = StoreKit.framework; path = System/Library/Frameworks/StoreKit.framework; sourceTree = SDKROOT; };
		8D34349619DF9F55004CFA3B /* CoreGraphics.framework */ = {isa = PBXFileReference; lastKnownFileType = wrapper.framework; name = CoreGraphics.framework; path = System/Library/Frameworks/CoreGraphics.framework; sourceTree = SDKROOT; };
		8D34349819DF9F60004CFA3B /* QuartzCore.framework */ = {isa = PBXFileReference; lastKnownFileType = wrapper.framework; name = QuartzCore.framework; path = System/Library/Frameworks/QuartzCore.framework; sourceTree = SDKROOT; };
		8D34349A19DF9F75004CFA3B /* AudioToolbox.framework */ = {isa = PBXFileReference; lastKnownFileType = wrapper.framework; name = AudioToolbox.framework; path = System/Library/Frameworks/AudioToolbox.framework; sourceTree = SDKROOT; };
		8D34349C19DF9F7A004CFA3B /* CFNetwork.framework */ = {isa = PBXFileReference; lastKnownFileType = wrapper.framework; name = CFNetwork.framework; path = System/Library/Frameworks/CFNetwork.framework; sourceTree = SDKROOT; };
		8D34349E19DF9F8B004CFA3B /* libz.dylib */ = {isa = PBXFileReference; lastKnownFileType = "compiled.mach-o.dylib"; name = libz.dylib; path = usr/lib/libz.dylib; sourceTree = SDKROOT; };
		8D3434A019DF9FA0004CFA3B /* MobileCoreServices.framework */ = {isa = PBXFileReference; lastKnownFileType = wrapper.framework; name = MobileCoreServices.framework; path = System/Library/Frameworks/MobileCoreServices.framework; sourceTree = SDKROOT; };
		8D3434A219DF9FAA004CFA3B /* Security.framework */ = {isa = PBXFileReference; lastKnownFileType = wrapper.framework; name = Security.framework; path = System/Library/Frameworks/Security.framework; sourceTree = SDKROOT; };
		8D3434A419DF9FB4004CFA3B /* SystemConfiguration.framework */ = {isa = PBXFileReference; lastKnownFileType = wrapper.framework; name = SystemConfiguration.framework; path = System/Library/Frameworks/SystemConfiguration.framework; sourceTree = SDKROOT; };
		8D3434A619DFA079004CFA3B /* Wordless-Bridging-Header.h */ = {isa = PBXFileReference; lastKnownFileType = sourcecode.c.h; path = "Wordless-Bridging-Header.h"; sourceTree = "<group>"; };
		8D3434A719DFA079004CFA3B /* ParseImport.m */ = {isa = PBXFileReference; fileEncoding = 4; lastKnownFileType = sourcecode.c.objc; path = ParseImport.m; sourceTree = "<group>"; };
		8D3434A919E0893C004CFA3B /* RSTMessage.swift */ = {isa = PBXFileReference; fileEncoding = 4; lastKnownFileType = sourcecode.swift; path = RSTMessage.swift; sourceTree = "<group>"; };
		8D34365D19E09202004CFA3B /* FacebookSDK.framework */ = {isa = PBXFileReference; lastKnownFileType = wrapper.framework; path = FacebookSDK.framework; sourceTree = "<group>"; };
/* End PBXFileReference section */

/* Begin PBXFrameworksBuildPhase section */
		3F493BF519DF961E00D0F1E8 /* Frameworks */ = {
			isa = PBXFrameworksBuildPhase;
			buildActionMask = 2147483647;
			files = (
				8D3434A519DF9FB4004CFA3B /* SystemConfiguration.framework in Frameworks */,
				8D3434A319DF9FAA004CFA3B /* Security.framework in Frameworks */,
				8D3434A119DF9FA0004CFA3B /* MobileCoreServices.framework in Frameworks */,
				8D34349F19DF9F8B004CFA3B /* libz.dylib in Frameworks */,
				8D34349719DF9F55004CFA3B /* CoreGraphics.framework in Frameworks */,
				8D34349D19DF9F7A004CFA3B /* CFNetwork.framework in Frameworks */,
				8D34349B19DF9F75004CFA3B /* AudioToolbox.framework in Frameworks */,
				8D34365E19E09202004CFA3B /* FacebookSDK.framework in Frameworks */,
				8D34349919DF9F60004CFA3B /* QuartzCore.framework in Frameworks */,
				8D34349519DF9F4B004CFA3B /* StoreKit.framework in Frameworks */,
				8D34349319DF9F46004CFA3B /* CoreLocation.framework in Frameworks */,
				8D34348E19DF9F16004CFA3B /* Parse.framework in Frameworks */,
				8D34348D19DF9F16004CFA3B /* Bolts.framework in Frameworks */,
				8D34348F19DF9F16004CFA3B /* ParseFacebookUtils.framework in Frameworks */,
			);
			runOnlyForDeploymentPostprocessing = 0;
		};
		3F493C0C19DF961F00D0F1E8 /* Frameworks */ = {
			isa = PBXFrameworksBuildPhase;
			buildActionMask = 2147483647;
			files = (
			);
			runOnlyForDeploymentPostprocessing = 0;
		};
/* End PBXFrameworksBuildPhase section */

/* Begin PBXGroup section */
		3F493BEF19DF961E00D0F1E8 = {
			isa = PBXGroup;
			children = (
				3F639EFA19E09EC000096DD1 /* JSQSystemSoundPlayer */,
				3F639E7319E09EB800096DD1 /* JSQMessagesViewController */,
				8D34365D19E09202004CFA3B /* FacebookSDK.framework */,
				8D3434A419DF9FB4004CFA3B /* SystemConfiguration.framework */,
				8D3434A219DF9FAA004CFA3B /* Security.framework */,
				8D3434A019DF9FA0004CFA3B /* MobileCoreServices.framework */,
				8D34349E19DF9F8B004CFA3B /* libz.dylib */,
				8D34349C19DF9F7A004CFA3B /* CFNetwork.framework */,
				8D34349A19DF9F75004CFA3B /* AudioToolbox.framework */,
				8D34349819DF9F60004CFA3B /* QuartzCore.framework */,
				8D34349619DF9F55004CFA3B /* CoreGraphics.framework */,
				8D34349419DF9F4B004CFA3B /* StoreKit.framework */,
				8D34349219DF9F46004CFA3B /* CoreLocation.framework */,
				8D34348A19DF9F16004CFA3B /* Bolts.framework */,
				8D34348B19DF9F16004CFA3B /* Parse.framework */,
				8D34348C19DF9F16004CFA3B /* ParseFacebookUtils.framework */,
				3F493BFA19DF961E00D0F1E8 /* Wordless */,
				3F493C1219DF961F00D0F1E8 /* WordlessTests */,
				3F493BF919DF961E00D0F1E8 /* Products */,
			);
			sourceTree = "<group>";
		};
		3F493BF919DF961E00D0F1E8 /* Products */ = {
			isa = PBXGroup;
			children = (
				3F493BF819DF961E00D0F1E8 /* Wordless.app */,
				3F493C0F19DF961F00D0F1E8 /* WordlessTests.xctest */,
			);
			name = Products;
			sourceTree = "<group>";
		};
		3F493BFA19DF961E00D0F1E8 /* Wordless */ = {
			isa = PBXGroup;
			children = (
				3F493BFD19DF961E00D0F1E8 /* AppDelegate.swift */,
				8D3434A919E0893C004CFA3B /* RSTMessage.swift */,
				3F493BFF19DF961E00D0F1E8 /* MasterViewController.swift */,
				8D3434A719DFA079004CFA3B /* ParseImport.m */,
				3F493C0119DF961E00D0F1E8 /* DetailViewController.swift */,
				3F493C0319DF961E00D0F1E8 /* Main.storyboard */,
				3F493C0619DF961E00D0F1E8 /* Images.xcassets */,
				3F493C0819DF961E00D0F1E8 /* LaunchScreen.xib */,
				3F493BFB19DF961E00D0F1E8 /* Supporting Files */,
				3F493C2819DF9E5100D0F1E8 /* Person.swift */,
				8D3434A619DFA079004CFA3B /* Wordless-Bridging-Header.h */,
			);
			path = Wordless;
			sourceTree = "<group>";
		};
		3F493BFB19DF961E00D0F1E8 /* Supporting Files */ = {
			isa = PBXGroup;
			children = (
				3F493BFC19DF961E00D0F1E8 /* Info.plist */,
			);
			name = "Supporting Files";
			sourceTree = "<group>";
		};
		3F493C1219DF961F00D0F1E8 /* WordlessTests */ = {
			isa = PBXGroup;
			children = (
				3F493C1519DF961F00D0F1E8 /* WordlessTests.swift */,
				3F493C1319DF961F00D0F1E8 /* Supporting Files */,
			);
			path = WordlessTests;
			sourceTree = "<group>";
		};
		3F493C1319DF961F00D0F1E8 /* Supporting Files */ = {
			isa = PBXGroup;
			children = (
				3F493C1419DF961F00D0F1E8 /* Info.plist */,
			);
			name = "Supporting Files";
			sourceTree = "<group>";
		};
		3F639E7319E09EB800096DD1 /* JSQMessagesViewController */ = {
			isa = PBXGroup;
			children = (
				3F639E7419E09EB800096DD1 /* Assets */,
				3F639E8919E09EB800096DD1 /* Categories */,
				3F639E9419E09EB800096DD1 /* Controllers */,
				3F639E9A19E09EB800096DD1 /* Factories */,
				3F639EA319E09EB800096DD1 /* JSQMessages.h */,
				3F639EA419E09EB800096DD1 /* Layout */,
				3F639EAB19E09EB800096DD1 /* Model */,
				3F639EAF19E09EB800096DD1 /* Views */,
			);
			name = JSQMessagesViewController;
			path = JSQMessagesViewController/JSQMessagesViewController;
			sourceTree = "<group>";
		};
		3F639E7419E09EB800096DD1 /* Assets */ = {
			isa = PBXGroup;
			children = (
				3F639E7519E09EB800096DD1 /* Images */,
				3F639E8619E09EB800096DD1 /* Sounds */,
			);
			path = Assets;
			sourceTree = "<group>";
		};
		3F639E7519E09EB800096DD1 /* Images */ = {
			isa = PBXGroup;
			children = (
				3F639E7619E09EB800096DD1 /* bubble.png */,
				3F639E7719E09EB800096DD1 /* bubble@2x.png */,
				3F639E7819E09EB800096DD1 /* bubble_min.png */,
				3F639E7919E09EB800096DD1 /* bubble_min@2x.png */,
				3F639E7A19E09EB800096DD1 /* bubble_min_tailless.png */,
				3F639E7B19E09EB800096DD1 /* bubble_min_tailless@2x.png */,
				3F639E7C19E09EB800096DD1 /* bubble_stroked.png */,
				3F639E7D19E09EB800096DD1 /* bubble_stroked@2x.png */,
				3F639E7E19E09EB800096DD1 /* bubble_stroked_tailless.png */,
				3F639E7F19E09EB800096DD1 /* bubble_stroked_tailless@2x.png */,
				3F639E8019E09EB800096DD1 /* bubble_tailless.png */,
				3F639E8119E09EB800096DD1 /* bubble_tailless@2x.png */,
				3F639E8219E09EB800096DD1 /* camera.png */,
				3F639E8319E09EB800096DD1 /* camera@2x.png */,
				3F639E8419E09EB800096DD1 /* typing.png */,
				3F639E8519E09EB800096DD1 /* typing@2x.png */,
			);
			path = Images;
			sourceTree = "<group>";
		};
		3F639E8619E09EB800096DD1 /* Sounds */ = {
			isa = PBXGroup;
			children = (
				3F639E8719E09EB800096DD1 /* message_received.aiff */,
				3F639E8819E09EB800096DD1 /* message_sent.aiff */,
			);
			path = Sounds;
			sourceTree = "<group>";
		};
		3F639E8919E09EB800096DD1 /* Categories */ = {
			isa = PBXGroup;
			children = (
				3F639E8A19E09EB800096DD1 /* JSQSystemSoundPlayer+JSQMessages.h */,
				3F639E8B19E09EB800096DD1 /* JSQSystemSoundPlayer+JSQMessages.m */,
				3F639E8C19E09EB800096DD1 /* NSString+JSQMessages.h */,
				3F639E8D19E09EB800096DD1 /* NSString+JSQMessages.m */,
				3F639E8E19E09EB800096DD1 /* UIColor+JSQMessages.h */,
				3F639E8F19E09EB800096DD1 /* UIColor+JSQMessages.m */,
				3F639E9019E09EB800096DD1 /* UIImage+JSQMessages.h */,
				3F639E9119E09EB800096DD1 /* UIImage+JSQMessages.m */,
				3F639E9219E09EB800096DD1 /* UIView+JSQMessages.h */,
				3F639E9319E09EB800096DD1 /* UIView+JSQMessages.m */,
			);
			path = Categories;
			sourceTree = "<group>";
		};
		3F639E9419E09EB800096DD1 /* Controllers */ = {
			isa = PBXGroup;
			children = (
				3F639E9519E09EB800096DD1 /* JSQMessagesKeyboardController.h */,
				3F639E9619E09EB800096DD1 /* JSQMessagesKeyboardController.m */,
				3F639E9719E09EB800096DD1 /* JSQMessagesViewController.h */,
				3F639E9819E09EB800096DD1 /* JSQMessagesViewController.m */,
				3F639E9919E09EB800096DD1 /* JSQMessagesViewController.xib */,
			);
			path = Controllers;
			sourceTree = "<group>";
		};
		3F639E9A19E09EB800096DD1 /* Factories */ = {
			isa = PBXGroup;
			children = (
				3F639E9B19E09EB800096DD1 /* JSQMessagesAvatarFactory.h */,
				3F639E9C19E09EB800096DD1 /* JSQMessagesAvatarFactory.m */,
				3F639E9D19E09EB800096DD1 /* JSQMessagesBubbleImageFactory.h */,
				3F639E9E19E09EB800096DD1 /* JSQMessagesBubbleImageFactory.m */,
				3F639E9F19E09EB800096DD1 /* JSQMessagesTimestampFormatter.h */,
				3F639EA019E09EB800096DD1 /* JSQMessagesTimestampFormatter.m */,
				3F639EA119E09EB800096DD1 /* JSQMessagesToolbarButtonFactory.h */,
				3F639EA219E09EB800096DD1 /* JSQMessagesToolbarButtonFactory.m */,
			);
			path = Factories;
			sourceTree = "<group>";
		};
		3F639EA419E09EB800096DD1 /* Layout */ = {
			isa = PBXGroup;
			children = (
				3F639EA519E09EB800096DD1 /* JSQMessagesCollectionViewFlowLayout.h */,
				3F639EA619E09EB800096DD1 /* JSQMessagesCollectionViewFlowLayout.m */,
				3F639EA719E09EB800096DD1 /* JSQMessagesCollectionViewFlowLayoutInvalidationContext.h */,
				3F639EA819E09EB800096DD1 /* JSQMessagesCollectionViewFlowLayoutInvalidationContext.m */,
				3F639EA919E09EB800096DD1 /* JSQMessagesCollectionViewLayoutAttributes.h */,
				3F639EAA19E09EB800096DD1 /* JSQMessagesCollectionViewLayoutAttributes.m */,
			);
			path = Layout;
			sourceTree = "<group>";
		};
		3F639EAB19E09EB800096DD1 /* Model */ = {
			isa = PBXGroup;
			children = (
				3F639EAC19E09EB800096DD1 /* JSQMessage.h */,
				3F639EAD19E09EB800096DD1 /* JSQMessage.m */,
				3F639EAE19E09EB800096DD1 /* JSQMessageData.h */,
			);
			path = Model;
			sourceTree = "<group>";
		};
		3F639EAF19E09EB800096DD1 /* Views */ = {
			isa = PBXGroup;
			children = (
				3F639EB019E09EB800096DD1 /* JSQMessagesCollectionView.h */,
				3F639EB119E09EB800096DD1 /* JSQMessagesCollectionView.m */,
				3F639EB219E09EB800096DD1 /* JSQMessagesCollectionViewCell.h */,
				3F639EB319E09EB800096DD1 /* JSQMessagesCollectionViewCell.m */,
				3F639EB419E09EB800096DD1 /* JSQMessagesCollectionViewCellIncoming.h */,
				3F639EB519E09EB800096DD1 /* JSQMessagesCollectionViewCellIncoming.m */,
				3F639EB619E09EB800096DD1 /* JSQMessagesCollectionViewCellIncoming.xib */,
				3F639EB719E09EB800096DD1 /* JSQMessagesCollectionViewCellOutgoing.h */,
				3F639EB819E09EB800096DD1 /* JSQMessagesCollectionViewCellOutgoing.m */,
				3F639EB919E09EB800096DD1 /* JSQMessagesCollectionViewCellOutgoing.xib */,
				3F639EBA19E09EB800096DD1 /* JSQMessagesComposerTextView.h */,
				3F639EBB19E09EB800096DD1 /* JSQMessagesComposerTextView.m */,
				3F639EBC19E09EB800096DD1 /* JSQMessagesInputToolbar.h */,
				3F639EBD19E09EB800096DD1 /* JSQMessagesInputToolbar.m */,
				3F639EBE19E09EB800096DD1 /* JSQMessagesLabel.h */,
				3F639EBF19E09EB800096DD1 /* JSQMessagesLabel.m */,
				3F639EC019E09EB800096DD1 /* JSQMessagesLoadEarlierHeaderView.h */,
				3F639EC119E09EB800096DD1 /* JSQMessagesLoadEarlierHeaderView.m */,
				3F639EC219E09EB800096DD1 /* JSQMessagesLoadEarlierHeaderView.xib */,
				3F639EC319E09EB800096DD1 /* JSQMessagesToolbarContentView.h */,
				3F639EC419E09EB800096DD1 /* JSQMessagesToolbarContentView.m */,
				3F639EC519E09EB800096DD1 /* JSQMessagesToolbarContentView.xib */,
				3F639EC619E09EB800096DD1 /* JSQMessagesTypingIndicatorFooterView.h */,
				3F639EC719E09EB800096DD1 /* JSQMessagesTypingIndicatorFooterView.m */,
				3F639EC819E09EB800096DD1 /* JSQMessagesTypingIndicatorFooterView.xib */,
			);
			path = Views;
			sourceTree = "<group>";
		};
		3F639EFA19E09EC000096DD1 /* JSQSystemSoundPlayer */ = {
			isa = PBXGroup;
			children = (
				3F639EFB19E09EC000096DD1 /* Classes */,
			);
			name = JSQSystemSoundPlayer;
			path = JSQSystemSoundPlayer/JSQSystemSoundPlayer;
			sourceTree = "<group>";
		};
		3F639EFB19E09EC000096DD1 /* Classes */ = {
			isa = PBXGroup;
			children = (
				3F639EFC19E09EC000096DD1 /* JSQSystemSoundPlayer.h */,
				3F639EFD19E09EC000096DD1 /* JSQSystemSoundPlayer.m */,
			);
			path = Classes;
			sourceTree = "<group>";
		};
/* End PBXGroup section */

/* Begin PBXNativeTarget section */
		3F493BF719DF961E00D0F1E8 /* Wordless */ = {
			isa = PBXNativeTarget;
			buildConfigurationList = 3F493C1919DF961F00D0F1E8 /* Build configuration list for PBXNativeTarget "Wordless" */;
			buildPhases = (
				3F493BF419DF961E00D0F1E8 /* Sources */,
				3F493BF519DF961E00D0F1E8 /* Frameworks */,
				3F493BF619DF961E00D0F1E8 /* Resources */,
			);
			buildRules = (
			);
			dependencies = (
			);
			name = Wordless;
			productName = Wordless;
			productReference = 3F493BF819DF961E00D0F1E8 /* Wordless.app */;
			productType = "com.apple.product-type.application";
		};
		3F493C0E19DF961F00D0F1E8 /* WordlessTests */ = {
			isa = PBXNativeTarget;
			buildConfigurationList = 3F493C1C19DF961F00D0F1E8 /* Build configuration list for PBXNativeTarget "WordlessTests" */;
			buildPhases = (
				3F493C0B19DF961F00D0F1E8 /* Sources */,
				3F493C0C19DF961F00D0F1E8 /* Frameworks */,
				3F493C0D19DF961F00D0F1E8 /* Resources */,
			);
			buildRules = (
			);
			dependencies = (
				3F493C1119DF961F00D0F1E8 /* PBXTargetDependency */,
			);
			name = WordlessTests;
			productName = WordlessTests;
			productReference = 3F493C0F19DF961F00D0F1E8 /* WordlessTests.xctest */;
			productType = "com.apple.product-type.bundle.unit-test";
		};
/* End PBXNativeTarget section */

/* Begin PBXProject section */
		3F493BF019DF961E00D0F1E8 /* Project object */ = {
			isa = PBXProject;
			attributes = {
				LastUpgradeCheck = 0600;
				ORGANIZATIONNAME = RST;
				TargetAttributes = {
					3F493BF719DF961E00D0F1E8 = {
						CreatedOnToolsVersion = 6.0.1;
					};
					3F493C0E19DF961F00D0F1E8 = {
						CreatedOnToolsVersion = 6.0.1;
						TestTargetID = 3F493BF719DF961E00D0F1E8;
					};
				};
			};
			buildConfigurationList = 3F493BF319DF961E00D0F1E8 /* Build configuration list for PBXProject "Wordless" */;
			compatibilityVersion = "Xcode 3.2";
			developmentRegion = English;
			hasScannedForEncodings = 0;
			knownRegions = (
				en,
				Base,
				he,
			);
			mainGroup = 3F493BEF19DF961E00D0F1E8;
			productRefGroup = 3F493BF919DF961E00D0F1E8 /* Products */;
			projectDirPath = "";
			projectRoot = "";
			targets = (
				3F493BF719DF961E00D0F1E8 /* Wordless */,
				3F493C0E19DF961F00D0F1E8 /* WordlessTests */,
			);
		};
/* End PBXProject section */

/* Begin PBXResourcesBuildPhase section */
		3F493BF619DF961E00D0F1E8 /* Resources */ = {
			isa = PBXResourcesBuildPhase;
			buildActionMask = 2147483647;
			files = (
				3F639ED919E09EB800096DD1 /* message_received.aiff in Resources */,
				3F639ECF19E09EB800096DD1 /* bubble_stroked.png in Resources */,
				3F493C0519DF961E00D0F1E8 /* Main.storyboard in Resources */,
				3F639EF019E09EB800096DD1 /* JSQMessagesCollectionViewCellOutgoing.xib in Resources */,
				3F639ECD19E09EB800096DD1 /* bubble_min_tailless.png in Resources */,
				3F639EC919E09EB800096DD1 /* bubble.png in Resources */,
				3F639ED219E09EB800096DD1 /* bubble_stroked_tailless@2x.png in Resources */,
				3F639ECB19E09EB800096DD1 /* bubble_min.png in Resources */,
				3F639ED719E09EB800096DD1 /* typing.png in Resources */,
				3F639ED519E09EB800096DD1 /* camera.png in Resources */,
				3F639EEE19E09EB800096DD1 /* JSQMessagesCollectionViewCellIncoming.xib in Resources */,
				3F639EF719E09EB800096DD1 /* JSQMessagesToolbarContentView.xib in Resources */,
				3F639ED119E09EB800096DD1 /* bubble_stroked_tailless.png in Resources */,
				3F639ED619E09EB800096DD1 /* camera@2x.png in Resources */,
				3F639EE219E09EB800096DD1 /* JSQMessagesViewController.xib in Resources */,
				3F639ECC19E09EB800096DD1 /* bubble_min@2x.png in Resources */,
				3F639ED019E09EB800096DD1 /* bubble_stroked@2x.png in Resources */,
				3F493C0A19DF961E00D0F1E8 /* LaunchScreen.xib in Resources */,
				3F639ED419E09EB800096DD1 /* bubble_tailless@2x.png in Resources */,
				3F639ED819E09EB800096DD1 /* typing@2x.png in Resources */,
				3F639ECA19E09EB800096DD1 /* bubble@2x.png in Resources */,
				3F639EF919E09EB800096DD1 /* JSQMessagesTypingIndicatorFooterView.xib in Resources */,
				3F639EDA19E09EB800096DD1 /* message_sent.aiff in Resources */,
				3F639ECE19E09EB800096DD1 /* bubble_min_tailless@2x.png in Resources */,
				3F639ED319E09EB800096DD1 /* bubble_tailless.png in Resources */,
				3F639EF519E09EB800096DD1 /* JSQMessagesLoadEarlierHeaderView.xib in Resources */,
				3F493C0719DF961E00D0F1E8 /* Images.xcassets in Resources */,
			);
			runOnlyForDeploymentPostprocessing = 0;
		};
		3F493C0D19DF961F00D0F1E8 /* Resources */ = {
			isa = PBXResourcesBuildPhase;
			buildActionMask = 2147483647;
			files = (
			);
			runOnlyForDeploymentPostprocessing = 0;
		};
/* End PBXResourcesBuildPhase section */

/* Begin PBXSourcesBuildPhase section */
		3F493BF419DF961E00D0F1E8 /* Sources */ = {
			isa = PBXSourcesBuildPhase;
			buildActionMask = 2147483647;
			files = (
				3F493C0219DF961E00D0F1E8 /* DetailViewController.swift in Sources */,
				3F639EE019E09EB800096DD1 /* JSQMessagesKeyboardController.m in Sources */,
				3F493C2919DF9E5100D0F1E8 /* Person.swift in Sources */,
				3F639EEA19E09EB800096DD1 /* JSQMessage.m in Sources */,
				3F639EDC19E09EB800096DD1 /* NSString+JSQMessages.m in Sources */,
				3F639EEB19E09EB800096DD1 /* JSQMessagesCollectionView.m in Sources */,
				3F493C0019DF961E00D0F1E8 /* MasterViewController.swift in Sources */,
				3F639EF619E09EB800096DD1 /* JSQMessagesToolbarContentView.m in Sources */,
				3F639EE119E09EB800096DD1 /* JSQMessagesViewController.m in Sources */,
				3F639EDF19E09EB800096DD1 /* UIView+JSQMessages.m in Sources */,
				3F639EDD19E09EB800096DD1 /* UIColor+JSQMessages.m in Sources */,
				3F639EF219E09EB800096DD1 /* JSQMessagesInputToolbar.m in Sources */,
				3F639EE519E09EB800096DD1 /* JSQMessagesTimestampFormatter.m in Sources */,
				3F639EED19E09EB800096DD1 /* JSQMessagesCollectionViewCellIncoming.m in Sources */,
				3F639EE719E09EB800096DD1 /* JSQMessagesCollectionViewFlowLayout.m in Sources */,
				3F639EF819E09EB800096DD1 /* JSQMessagesTypingIndicatorFooterView.m in Sources */,
				8D3434AA19E0893C004CFA3B /* RSTMessage.swift in Sources */,
				3F639EF119E09EB800096DD1 /* JSQMessagesComposerTextView.m in Sources */,
				3F639EE619E09EB800096DD1 /* JSQMessagesToolbarButtonFactory.m in Sources */,
				3F639EE919E09EB800096DD1 /* JSQMessagesCollectionViewLayoutAttributes.m in Sources */,
				3F639EEC19E09EB800096DD1 /* JSQMessagesCollectionViewCell.m in Sources */,
				3F639EF419E09EB800096DD1 /* JSQMessagesLoadEarlierHeaderView.m in Sources */,
				3F639EE819E09EB800096DD1 /* JSQMessagesCollectionViewFlowLayoutInvalidationContext.m in Sources */,
				8D3434A819DFA079004CFA3B /* ParseImport.m in Sources */,
				3F639EE319E09EB800096DD1 /* JSQMessagesAvatarFactory.m in Sources */,
				3F639EEF19E09EB800096DD1 /* JSQMessagesCollectionViewCellOutgoing.m in Sources */,
				3F639EFE19E09EC000096DD1 /* JSQSystemSoundPlayer.m in Sources */,
				3F493BFE19DF961E00D0F1E8 /* AppDelegate.swift in Sources */,
				3F639EDE19E09EB800096DD1 /* UIImage+JSQMessages.m in Sources */,
				3F639EE419E09EB800096DD1 /* JSQMessagesBubbleImageFactory.m in Sources */,
				3F639EDB19E09EB800096DD1 /* JSQSystemSoundPlayer+JSQMessages.m in Sources */,
				3F639EF319E09EB800096DD1 /* JSQMessagesLabel.m in Sources */,
			);
			runOnlyForDeploymentPostprocessing = 0;
		};
		3F493C0B19DF961F00D0F1E8 /* Sources */ = {
			isa = PBXSourcesBuildPhase;
			buildActionMask = 2147483647;
			files = (
				3F493C1619DF961F00D0F1E8 /* WordlessTests.swift in Sources */,
			);
			runOnlyForDeploymentPostprocessing = 0;
		};
/* End PBXSourcesBuildPhase section */

/* Begin PBXTargetDependency section */
		3F493C1119DF961F00D0F1E8 /* PBXTargetDependency */ = {
			isa = PBXTargetDependency;
			target = 3F493BF719DF961E00D0F1E8 /* Wordless */;
			targetProxy = 3F493C1019DF961F00D0F1E8 /* PBXContainerItemProxy */;
		};
/* End PBXTargetDependency section */

/* Begin PBXVariantGroup section */
		3F493C0319DF961E00D0F1E8 /* Main.storyboard */ = {
			isa = PBXVariantGroup;
			children = (
				3F493C0419DF961E00D0F1E8 /* Base */,
			);
			name = Main.storyboard;
			sourceTree = "<group>";
		};
		3F493C0819DF961E00D0F1E8 /* LaunchScreen.xib */ = {
			isa = PBXVariantGroup;
			children = (
				3F493C0919DF961E00D0F1E8 /* Base */,
			);
			name = LaunchScreen.xib;
			sourceTree = "<group>";
		};
/* End PBXVariantGroup section */

/* Begin XCBuildConfiguration section */
		3F493C1719DF961F00D0F1E8 /* Debug */ = {
			isa = XCBuildConfiguration;
			buildSettings = {
				ALWAYS_SEARCH_USER_PATHS = NO;
				CLANG_CXX_LANGUAGE_STANDARD = "gnu++0x";
				CLANG_CXX_LIBRARY = "libc++";
				CLANG_ENABLE_MODULES = YES;
				CLANG_ENABLE_OBJC_ARC = YES;
				CLANG_WARN_BOOL_CONVERSION = YES;
				CLANG_WARN_CONSTANT_CONVERSION = YES;
				CLANG_WARN_DIRECT_OBJC_ISA_USAGE = YES_ERROR;
				CLANG_WARN_EMPTY_BODY = YES;
				CLANG_WARN_ENUM_CONVERSION = YES;
				CLANG_WARN_INT_CONVERSION = YES;
				CLANG_WARN_OBJC_ROOT_CLASS = YES_ERROR;
				CLANG_WARN_UNREACHABLE_CODE = YES;
				CLANG_WARN__DUPLICATE_METHOD_MATCH = YES;
				"CODE_SIGN_IDENTITY[sdk=iphoneos*]" = "iPhone Developer";
				COPY_PHASE_STRIP = NO;
				ENABLE_STRICT_OBJC_MSGSEND = YES;
				GCC_C_LANGUAGE_STANDARD = gnu99;
				GCC_DYNAMIC_NO_PIC = NO;
				GCC_OPTIMIZATION_LEVEL = 0;
				GCC_PREPROCESSOR_DEFINITIONS = (
					"DEBUG=1",
					"$(inherited)",
				);
				GCC_SYMBOLS_PRIVATE_EXTERN = NO;
				GCC_WARN_64_TO_32_BIT_CONVERSION = YES;
				GCC_WARN_ABOUT_RETURN_TYPE = YES_ERROR;
				GCC_WARN_UNDECLARED_SELECTOR = YES;
				GCC_WARN_UNINITIALIZED_AUTOS = YES_AGGRESSIVE;
				GCC_WARN_UNUSED_FUNCTION = YES;
				GCC_WARN_UNUSED_VARIABLE = YES;
				IPHONEOS_DEPLOYMENT_TARGET = 8.0;
				MTL_ENABLE_DEBUG_INFO = YES;
				ONLY_ACTIVE_ARCH = YES;
				SDKROOT = iphoneos;
				SWIFT_OPTIMIZATION_LEVEL = "-Onone";
			};
			name = Debug;
		};
		3F493C1819DF961F00D0F1E8 /* Release */ = {
			isa = XCBuildConfiguration;
			buildSettings = {
				ALWAYS_SEARCH_USER_PATHS = NO;
				CLANG_CXX_LANGUAGE_STANDARD = "gnu++0x";
				CLANG_CXX_LIBRARY = "libc++";
				CLANG_ENABLE_MODULES = YES;
				CLANG_ENABLE_OBJC_ARC = YES;
				CLANG_WARN_BOOL_CONVERSION = YES;
				CLANG_WARN_CONSTANT_CONVERSION = YES;
				CLANG_WARN_DIRECT_OBJC_ISA_USAGE = YES_ERROR;
				CLANG_WARN_EMPTY_BODY = YES;
				CLANG_WARN_ENUM_CONVERSION = YES;
				CLANG_WARN_INT_CONVERSION = YES;
				CLANG_WARN_OBJC_ROOT_CLASS = YES_ERROR;
				CLANG_WARN_UNREACHABLE_CODE = YES;
				CLANG_WARN__DUPLICATE_METHOD_MATCH = YES;
				"CODE_SIGN_IDENTITY[sdk=iphoneos*]" = "iPhone Developer";
				COPY_PHASE_STRIP = YES;
				ENABLE_NS_ASSERTIONS = NO;
				ENABLE_STRICT_OBJC_MSGSEND = YES;
				GCC_C_LANGUAGE_STANDARD = gnu99;
				GCC_WARN_64_TO_32_BIT_CONVERSION = YES;
				GCC_WARN_ABOUT_RETURN_TYPE = YES_ERROR;
				GCC_WARN_UNDECLARED_SELECTOR = YES;
				GCC_WARN_UNINITIALIZED_AUTOS = YES_AGGRESSIVE;
				GCC_WARN_UNUSED_FUNCTION = YES;
				GCC_WARN_UNUSED_VARIABLE = YES;
				IPHONEOS_DEPLOYMENT_TARGET = 8.0;
				MTL_ENABLE_DEBUG_INFO = NO;
				SDKROOT = iphoneos;
				VALIDATE_PRODUCT = YES;
			};
			name = Release;
		};
		3F493C1A19DF961F00D0F1E8 /* Debug */ = {
			isa = XCBuildConfiguration;
			buildSettings = {
				ASSETCATALOG_COMPILER_APPICON_NAME = AppIcon;
				CLANG_ENABLE_MODULES = YES;
				FRAMEWORK_SEARCH_PATHS = (
					"$(inherited)",
					"$(PROJECT_DIR)",
					"$(PROJECT_DIR)/FacebookSDK",
					"$(PROJECT_DIR)/FacebookSDK/FBAudienceNetwork",
				);
				INFOPLIST_FILE = Wordless/Info.plist;
				LD_RUNPATH_SEARCH_PATHS = "$(inherited) @executable_path/Frameworks";
				LIBRARY_SEARCH_PATHS = (
					"$(inherited)",
					"$(PROJECT_DIR)",
					/Volumes/OCMock,
					3.1/iOS,
				);
				PRODUCT_NAME = "$(TARGET_NAME)";
				SWIFT_OBJC_BRIDGING_HEADER = "Wordless/Wordless-Bridging-Header.h";
				SWIFT_OPTIMIZATION_LEVEL = "-Onone";
			};
			name = Debug;
		};
		3F493C1B19DF961F00D0F1E8 /* Release */ = {
			isa = XCBuildConfiguration;
			buildSettings = {
				ASSETCATALOG_COMPILER_APPICON_NAME = AppIcon;
				CLANG_ENABLE_MODULES = YES;
				FRAMEWORK_SEARCH_PATHS = (
					"$(inherited)",
					"$(PROJECT_DIR)",
					"$(PROJECT_DIR)/FacebookSDK",
					"$(PROJECT_DIR)/FacebookSDK/FBAudienceNetwork",
				);
				INFOPLIST_FILE = Wordless/Info.plist;
				LD_RUNPATH_SEARCH_PATHS = "$(inherited) @executable_path/Frameworks";
				LIBRARY_SEARCH_PATHS = (
					"$(inherited)",
					"$(PROJECT_DIR)",
					/Volumes/OCMock,
					3.1/iOS,
				);
				PRODUCT_NAME = "$(TARGET_NAME)";
				SWIFT_OBJC_BRIDGING_HEADER = "Wordless/Wordless-Bridging-Header.h";
			};
			name = Release;
		};
		3F493C1D19DF961F00D0F1E8 /* Debug */ = {
			isa = XCBuildConfiguration;
			buildSettings = {
				BUNDLE_LOADER = "$(TEST_HOST)";
				FRAMEWORK_SEARCH_PATHS = (
					"$(SDKROOT)/Developer/Library/Frameworks",
					"$(inherited)",
				);
				GCC_PREPROCESSOR_DEFINITIONS = (
					"DEBUG=1",
					"$(inherited)",
				);
				INFOPLIST_FILE = WordlessTests/Info.plist;
				LD_RUNPATH_SEARCH_PATHS = "$(inherited) @executable_path/Frameworks @loader_path/Frameworks";
				PRODUCT_NAME = "$(TARGET_NAME)";
				TEST_HOST = "$(BUILT_PRODUCTS_DIR)/Wordless.app/Wordless";
			};
			name = Debug;
		};
		3F493C1E19DF961F00D0F1E8 /* Release */ = {
			isa = XCBuildConfiguration;
			buildSettings = {
				BUNDLE_LOADER = "$(TEST_HOST)";
				FRAMEWORK_SEARCH_PATHS = (
					"$(SDKROOT)/Developer/Library/Frameworks",
					"$(inherited)",
				);
				INFOPLIST_FILE = WordlessTests/Info.plist;
				LD_RUNPATH_SEARCH_PATHS = "$(inherited) @executable_path/Frameworks @loader_path/Frameworks";
				PRODUCT_NAME = "$(TARGET_NAME)";
				TEST_HOST = "$(BUILT_PRODUCTS_DIR)/Wordless.app/Wordless";
			};
			name = Release;
		};
/* End XCBuildConfiguration section */

/* Begin XCConfigurationList section */
		3F493BF319DF961E00D0F1E8 /* Build configuration list for PBXProject "Wordless" */ = {
			isa = XCConfigurationList;
			buildConfigurations = (
				3F493C1719DF961F00D0F1E8 /* Debug */,
				3F493C1819DF961F00D0F1E8 /* Release */,
			);
			defaultConfigurationIsVisible = 0;
			defaultConfigurationName = Release;
		};
		3F493C1919DF961F00D0F1E8 /* Build configuration list for PBXNativeTarget "Wordless" */ = {
			isa = XCConfigurationList;
			buildConfigurations = (
				3F493C1A19DF961F00D0F1E8 /* Debug */,
				3F493C1B19DF961F00D0F1E8 /* Release */,
			);
			defaultConfigurationIsVisible = 0;
			defaultConfigurationName = Release;
		};
		3F493C1C19DF961F00D0F1E8 /* Build configuration list for PBXNativeTarget "WordlessTests" */ = {
			isa = XCConfigurationList;
			buildConfigurations = (
				3F493C1D19DF961F00D0F1E8 /* Debug */,
				3F493C1E19DF961F00D0F1E8 /* Release */,
			);
			defaultConfigurationIsVisible = 0;
			defaultConfigurationName = Release;
		};
/* End XCConfigurationList section */
	};
	rootObject = 3F493BF019DF961E00D0F1E8 /* Project object */;
}
